// !$*UTF8*$!
{
	archiveVersion = 1;
	classes = {
	};
	objectVersion = 77;
	objects = {

/* Begin PBXBuildFile section */
		823CF1462D0A0698005AD74A /* .gitignore in Resources */ = {isa = PBXBuildFile; fileRef = 823CF1452D0A0698005AD74A /* .gitignore */; };
		823CF14D2D0A0866005AD74A /* AuthView.swift in Sources */ = {isa = PBXBuildFile; fileRef = 823CF14A2D0A0866005AD74A /* AuthView.swift */; };
		823CF14E2D0A0866005AD74A /* PhotoEditorApp.swift in Sources */ = {isa = PBXBuildFile; fileRef = 823CF14B2D0A0866005AD74A /* PhotoEditorApp.swift */; };
		823CF14F2D0A0866005AD74A /* Preview Assets.xcassets in Resources */ = {isa = PBXBuildFile; fileRef = 823CF1472D0A0866005AD74A /* Preview Assets.xcassets */; };
		823CF1502D0A0866005AD74A /* Assets.xcassets in Resources */ = {isa = PBXBuildFile; fileRef = 823CF1492D0A0866005AD74A /* Assets.xcassets */; };
		823CF1792D0A1814005AD74A /* FieldModifier.swift in Sources */ = {isa = PBXBuildFile; fileRef = 823CF1782D0A1814005AD74A /* FieldModifier.swift */; };
		823CF17B2D0A18BA005AD74A /* CommonButtonModifier.swift in Sources */ = {isa = PBXBuildFile; fileRef = 823CF17A2D0A18AF005AD74A /* CommonButtonModifier.swift */; };
		823CF1832D0A1F67005AD74A /* RegistView.swift in Sources */ = {isa = PBXBuildFile; fileRef = 823CF1822D0A1F5F005AD74A /* RegistView.swift */; };
		823CF1902D0A2A04005AD74A /* GoogleLogo.swift in Sources */ = {isa = PBXBuildFile; fileRef = 823CF18F2D0A29FB005AD74A /* GoogleLogo.swift */; };
		823CF1922D0A3FD2005AD74A /* GlobalConstants.swift in Sources */ = {isa = PBXBuildFile; fileRef = 823CF1912D0A3FCE005AD74A /* GlobalConstants.swift */; };
		823CF1A82D0A4A0F005AD74A /* PasswordRecoveryView.swift in Sources */ = {isa = PBXBuildFile; fileRef = 823CF1A72D0A49F8005AD74A /* PasswordRecoveryView.swift */; };
/* End PBXBuildFile section */

/* Begin PBXFileReference section */
		823CF1342D0A062A005AD74A /* PhotoEditor.app */ = {isa = PBXFileReference; explicitFileType = wrapper.application; includeInIndex = 0; path = PhotoEditor.app; sourceTree = BUILT_PRODUCTS_DIR; };
		823CF1452D0A0698005AD74A /* .gitignore */ = {isa = PBXFileReference; lastKnownFileType = text; path = .gitignore; sourceTree = "<group>"; };
		823CF1472D0A0866005AD74A /* Preview Assets.xcassets */ = {isa = PBXFileReference; lastKnownFileType = folder.assetcatalog; path = "Preview Assets.xcassets"; sourceTree = "<group>"; };
		823CF1492D0A0866005AD74A /* Assets.xcassets */ = {isa = PBXFileReference; lastKnownFileType = folder.assetcatalog; path = Assets.xcassets; sourceTree = "<group>"; };
		823CF14A2D0A0866005AD74A /* AuthView.swift */ = {isa = PBXFileReference; lastKnownFileType = sourcecode.swift; path = AuthView.swift; sourceTree = "<group>"; };
		823CF14B2D0A0866005AD74A /* PhotoEditorApp.swift */ = {isa = PBXFileReference; lastKnownFileType = sourcecode.swift; path = PhotoEditorApp.swift; sourceTree = "<group>"; };
		823CF1782D0A1814005AD74A /* FieldModifier.swift */ = {isa = PBXFileReference; lastKnownFileType = sourcecode.swift; path = FieldModifier.swift; sourceTree = "<group>"; };
		823CF17A2D0A18AF005AD74A /* CommonButtonModifier.swift */ = {isa = PBXFileReference; lastKnownFileType = sourcecode.swift; path = CommonButtonModifier.swift; sourceTree = "<group>"; };
		823CF1822D0A1F5F005AD74A /* RegistView.swift */ = {isa = PBXFileReference; lastKnownFileType = sourcecode.swift; path = RegistView.swift; sourceTree = "<group>"; };
		823CF18F2D0A29FB005AD74A /* GoogleLogo.swift */ = {isa = PBXFileReference; lastKnownFileType = sourcecode.swift; path = GoogleLogo.swift; sourceTree = "<group>"; };
		823CF1912D0A3FCE005AD74A /* GlobalConstants.swift */ = {isa = PBXFileReference; lastKnownFileType = sourcecode.swift; path = GlobalConstants.swift; sourceTree = "<group>"; };
		823CF1A72D0A49F8005AD74A /* PasswordRecoveryView.swift */ = {isa = PBXFileReference; lastKnownFileType = sourcecode.swift; path = PasswordRecoveryView.swift; sourceTree = "<group>"; };
/* End PBXFileReference section */

/* Begin PBXFrameworksBuildPhase section */
		823CF1312D0A062A005AD74A /* Frameworks */ = {
			isa = PBXFrameworksBuildPhase;
			buildActionMask = 2147483647;
			files = (
			);
			runOnlyForDeploymentPostprocessing = 0;
		};
/* End PBXFrameworksBuildPhase section */

/* Begin PBXGroup section */
		823CF12B2D0A062A005AD74A = {
			isa = PBXGroup;
			children = (
				823CF1452D0A0698005AD74A /* .gitignore */,
				823CF14C2D0A0866005AD74A /* PhotoEditor */,
				823CF1352D0A062A005AD74A /* Products */,
			);
			sourceTree = "<group>";
		};
		823CF1352D0A062A005AD74A /* Products */ = {
			isa = PBXGroup;
			children = (
				823CF1342D0A062A005AD74A /* PhotoEditor.app */,
			);
			name = Products;
			sourceTree = "<group>";
		};
		823CF1482D0A0866005AD74A /* Preview Content */ = {
			isa = PBXGroup;
			children = (
				823CF1472D0A0866005AD74A /* Preview Assets.xcassets */,
			);
			path = "Preview Content";
			sourceTree = "<group>";
		};
		823CF14C2D0A0866005AD74A /* PhotoEditor */ = {
			isa = PBXGroup;
			children = (
				823CF1482D0A0866005AD74A /* Preview Content */,
				823CF1492D0A0866005AD74A /* Assets.xcassets */,
				823CF14B2D0A0866005AD74A /* PhotoEditorApp.swift */,
				823CF1512D0A08E4005AD74A /* Modules */,
				823CF1772D0A17F6005AD74A /* Modifiers */,
				823CF1912D0A3FCE005AD74A /* GlobalConstants.swift */,
			);
			path = PhotoEditor;
			sourceTree = "<group>";
		};
		823CF1512D0A08E4005AD74A /* Modules */ = {
			isa = PBXGroup;
			children = (
				823CF1522D0A08EA005AD74A /* AuthModule */,
				823CF1532D0A08F5005AD74A /* RegistrationModule */,
				823CF1552D0A09D7005AD74A /* PasswordRecoveryModule */,
				823CF1542D0A0900005AD74A /* PhotoEditModule */,
			);
			path = Modules;
			sourceTree = "<group>";
		};
		823CF1522D0A08EA005AD74A /* AuthModule */ = {
			isa = PBXGroup;
			children = (
				823CF17C2D0A1A68005AD74A /* View */,
				823CF17D2D0A1A6D005AD74A /* ViewModel */,
				823CF17E2D0A1A71005AD74A /* Model */,
			);
			path = AuthModule;
			sourceTree = "<group>";
		};
		823CF1532D0A08F5005AD74A /* RegistrationModule */ = {
			isa = PBXGroup;
			children = (
				823CF17F2D0A1F3F005AD74A /* View */,
				823CF1812D0A1F53005AD74A /* ViewModel */,
				823CF1802D0A1F49005AD74A /* Model */,
			);
			path = RegistrationModule;
			sourceTree = "<group>";
		};
		823CF1542D0A0900005AD74A /* PhotoEditModule */ = {
			isa = PBXGroup;
			children = (
			);
			path = PhotoEditModule;
			sourceTree = "<group>";
		};
		823CF1552D0A09D7005AD74A /* PasswordRecoveryModule */ = {
			isa = PBXGroup;
			children = (
				823CF1A72D0A49F8005AD74A /* PasswordRecoveryView.swift */,
			);
			path = PasswordRecoveryModule;
			sourceTree = "<group>";
		};
		823CF1772D0A17F6005AD74A /* Modifiers */ = {
			isa = PBXGroup;
			children = (
				823CF1782D0A1814005AD74A /* FieldModifier.swift */,
				823CF17A2D0A18AF005AD74A /* CommonButtonModifier.swift */,
			);
			path = Modifiers;
			sourceTree = "<group>";
		};
		823CF17C2D0A1A68005AD74A /* View */ = {
			isa = PBXGroup;
			children = (
				823CF14A2D0A0866005AD74A /* AuthView.swift */,
				823CF18F2D0A29FB005AD74A /* GoogleLogo.swift */,
			);
			path = View;
			sourceTree = "<group>";
		};
		823CF17D2D0A1A6D005AD74A /* ViewModel */ = {
			isa = PBXGroup;
			children = (
			);
			path = ViewModel;
			sourceTree = "<group>";
		};
		823CF17E2D0A1A71005AD74A /* Model */ = {
			isa = PBXGroup;
			children = (
			);
			path = Model;
			sourceTree = "<group>";
		};
		823CF17F2D0A1F3F005AD74A /* View */ = {
			isa = PBXGroup;
			children = (
				823CF1822D0A1F5F005AD74A /* RegistView.swift */,
			);
			path = View;
			sourceTree = "<group>";
		};
		823CF1802D0A1F49005AD74A /* Model */ = {
			isa = PBXGroup;
			children = (
			);
			path = Model;
			sourceTree = "<group>";
		};
		823CF1812D0A1F53005AD74A /* ViewModel */ = {
			isa = PBXGroup;
			children = (
			);
			path = ViewModel;
			sourceTree = "<group>";
		};
/* End PBXGroup section */

/* Begin PBXNativeTarget section */
		823CF1332D0A062A005AD74A /* PhotoEditor */ = {
			isa = PBXNativeTarget;
			buildConfigurationList = 823CF1422D0A062E005AD74A /* Build configuration list for PBXNativeTarget "PhotoEditor" */;
			buildPhases = (
				823CF1302D0A062A005AD74A /* Sources */,
				823CF1312D0A062A005AD74A /* Frameworks */,
				823CF1322D0A062A005AD74A /* Resources */,
			);
			buildRules = (
			);
			dependencies = (
			);
			name = PhotoEditor;
			packageProductDependencies = (
			);
			productName = PhotoEditor;
			productReference = 823CF1342D0A062A005AD74A /* PhotoEditor.app */;
			productType = "com.apple.product-type.application";
		};
/* End PBXNativeTarget section */

/* Begin PBXProject section */
		823CF12C2D0A062A005AD74A /* Project object */ = {
			isa = PBXProject;
			attributes = {
				BuildIndependentTargetsInParallel = 1;
				LastSwiftUpdateCheck = 1610;
				LastUpgradeCheck = 1610;
				TargetAttributes = {
					823CF1332D0A062A005AD74A = {
						CreatedOnToolsVersion = 16.1;
					};
				};
			};
			buildConfigurationList = 823CF12F2D0A062A005AD74A /* Build configuration list for PBXProject "PhotoEditor" */;
			developmentRegion = en;
			hasScannedForEncodings = 0;
			knownRegions = (
				en,
				Base,
			);
			mainGroup = 823CF12B2D0A062A005AD74A;
			minimizedProjectReferenceProxies = 1;
			preferredProjectObjectVersion = 77;
			productRefGroup = 823CF1352D0A062A005AD74A /* Products */;
			projectDirPath = "";
			projectRoot = "";
			targets = (
				823CF1332D0A062A005AD74A /* PhotoEditor */,
			);
		};
/* End PBXProject section */

/* Begin PBXResourcesBuildPhase section */
		823CF1322D0A062A005AD74A /* Resources */ = {
			isa = PBXResourcesBuildPhase;
			buildActionMask = 2147483647;
			files = (
				823CF14F2D0A0866005AD74A /* Preview Assets.xcassets in Resources */,
				823CF1502D0A0866005AD74A /* Assets.xcassets in Resources */,
				823CF1462D0A0698005AD74A /* .gitignore in Resources */,
			);
			runOnlyForDeploymentPostprocessing = 0;
		};
/* End PBXResourcesBuildPhase section */

/* Begin PBXSourcesBuildPhase section */
		823CF1302D0A062A005AD74A /* Sources */ = {
			isa = PBXSourcesBuildPhase;
			buildActionMask = 2147483647;
			files = (
				823CF1832D0A1F67005AD74A /* RegistView.swift in Sources */,
				823CF1902D0A2A04005AD74A /* GoogleLogo.swift in Sources */,
				823CF1A82D0A4A0F005AD74A /* PasswordRecoveryView.swift in Sources */,
				823CF14D2D0A0866005AD74A /* AuthView.swift in Sources */,
				823CF1792D0A1814005AD74A /* FieldModifier.swift in Sources */,
				823CF1922D0A3FD2005AD74A /* GlobalConstants.swift in Sources */,
				823CF14E2D0A0866005AD74A /* PhotoEditorApp.swift in Sources */,
				823CF17B2D0A18BA005AD74A /* CommonButtonModifier.swift in Sources */,
			);
			runOnlyForDeploymentPostprocessing = 0;
		};
/* End PBXSourcesBuildPhase section */

/* Begin XCBuildConfiguration section */
		823CF1402D0A062E005AD74A /* Debug */ = {
			isa = XCBuildConfiguration;
			buildSettings = {
				ALWAYS_SEARCH_USER_PATHS = NO;
				ASSETCATALOG_COMPILER_GENERATE_SWIFT_ASSET_SYMBOL_EXTENSIONS = YES;
				CLANG_ANALYZER_NONNULL = YES;
				CLANG_ANALYZER_NUMBER_OBJECT_CONVERSION = YES_AGGRESSIVE;
				CLANG_CXX_LANGUAGE_STANDARD = "gnu++20";
				CLANG_ENABLE_MODULES = YES;
				CLANG_ENABLE_OBJC_ARC = YES;
				CLANG_ENABLE_OBJC_WEAK = YES;
				CLANG_WARN_BLOCK_CAPTURE_AUTORELEASING = YES;
				CLANG_WARN_BOOL_CONVERSION = YES;
				CLANG_WARN_COMMA = YES;
				CLANG_WARN_CONSTANT_CONVERSION = YES;
				CLANG_WARN_DEPRECATED_OBJC_IMPLEMENTATIONS = YES;
				CLANG_WARN_DIRECT_OBJC_ISA_USAGE = YES_ERROR;
				CLANG_WARN_DOCUMENTATION_COMMENTS = YES;
				CLANG_WARN_EMPTY_BODY = YES;
				CLANG_WARN_ENUM_CONVERSION = YES;
				CLANG_WARN_INFINITE_RECURSION = YES;
				CLANG_WARN_INT_CONVERSION = YES;
				CLANG_WARN_NON_LITERAL_NULL_CONVERSION = YES;
				CLANG_WARN_OBJC_IMPLICIT_RETAIN_SELF = YES;
				CLANG_WARN_OBJC_LITERAL_CONVERSION = YES;
				CLANG_WARN_OBJC_ROOT_CLASS = YES_ERROR;
				CLANG_WARN_QUOTED_INCLUDE_IN_FRAMEWORK_HEADER = YES;
				CLANG_WARN_RANGE_LOOP_ANALYSIS = YES;
				CLANG_WARN_STRICT_PROTOTYPES = YES;
				CLANG_WARN_SUSPICIOUS_MOVE = YES;
				CLANG_WARN_UNGUARDED_AVAILABILITY = YES_AGGRESSIVE;
				CLANG_WARN_UNREACHABLE_CODE = YES;
				CLANG_WARN__DUPLICATE_METHOD_MATCH = YES;
				COPY_PHASE_STRIP = NO;
				DEBUG_INFORMATION_FORMAT = dwarf;
				ENABLE_STRICT_OBJC_MSGSEND = YES;
				ENABLE_TESTABILITY = YES;
				ENABLE_USER_SCRIPT_SANDBOXING = YES;
				GCC_C_LANGUAGE_STANDARD = gnu17;
				GCC_DYNAMIC_NO_PIC = NO;
				GCC_NO_COMMON_BLOCKS = YES;
				GCC_OPTIMIZATION_LEVEL = 0;
				GCC_PREPROCESSOR_DEFINITIONS = (
					"DEBUG=1",
					"$(inherited)",
				);
				GCC_WARN_64_TO_32_BIT_CONVERSION = YES;
				GCC_WARN_ABOUT_RETURN_TYPE = YES_ERROR;
				GCC_WARN_UNDECLARED_SELECTOR = YES;
				GCC_WARN_UNINITIALIZED_AUTOS = YES_AGGRESSIVE;
				GCC_WARN_UNUSED_FUNCTION = YES;
				GCC_WARN_UNUSED_VARIABLE = YES;
				IPHONEOS_DEPLOYMENT_TARGET = 18.1;
				LOCALIZATION_PREFERS_STRING_CATALOGS = YES;
				MTL_ENABLE_DEBUG_INFO = INCLUDE_SOURCE;
				MTL_FAST_MATH = YES;
				ONLY_ACTIVE_ARCH = YES;
				SDKROOT = iphoneos;
				SWIFT_ACTIVE_COMPILATION_CONDITIONS = "DEBUG $(inherited)";
				SWIFT_OPTIMIZATION_LEVEL = "-Onone";
			};
			name = Debug;
		};
		823CF1412D0A062E005AD74A /* Release */ = {
			isa = XCBuildConfiguration;
			buildSettings = {
				ALWAYS_SEARCH_USER_PATHS = NO;
				ASSETCATALOG_COMPILER_GENERATE_SWIFT_ASSET_SYMBOL_EXTENSIONS = YES;
				CLANG_ANALYZER_NONNULL = YES;
				CLANG_ANALYZER_NUMBER_OBJECT_CONVERSION = YES_AGGRESSIVE;
				CLANG_CXX_LANGUAGE_STANDARD = "gnu++20";
				CLANG_ENABLE_MODULES = YES;
				CLANG_ENABLE_OBJC_ARC = YES;
				CLANG_ENABLE_OBJC_WEAK = YES;
				CLANG_WARN_BLOCK_CAPTURE_AUTORELEASING = YES;
				CLANG_WARN_BOOL_CONVERSION = YES;
				CLANG_WARN_COMMA = YES;
				CLANG_WARN_CONSTANT_CONVERSION = YES;
				CLANG_WARN_DEPRECATED_OBJC_IMPLEMENTATIONS = YES;
				CLANG_WARN_DIRECT_OBJC_ISA_USAGE = YES_ERROR;
				CLANG_WARN_DOCUMENTATION_COMMENTS = YES;
				CLANG_WARN_EMPTY_BODY = YES;
				CLANG_WARN_ENUM_CONVERSION = YES;
				CLANG_WARN_INFINITE_RECURSION = YES;
				CLANG_WARN_INT_CONVERSION = YES;
				CLANG_WARN_NON_LITERAL_NULL_CONVERSION = YES;
				CLANG_WARN_OBJC_IMPLICIT_RETAIN_SELF = YES;
				CLANG_WARN_OBJC_LITERAL_CONVERSION = YES;
				CLANG_WARN_OBJC_ROOT_CLASS = YES_ERROR;
				CLANG_WARN_QUOTED_INCLUDE_IN_FRAMEWORK_HEADER = YES;
				CLANG_WARN_RANGE_LOOP_ANALYSIS = YES;
				CLANG_WARN_STRICT_PROTOTYPES = YES;
				CLANG_WARN_SUSPICIOUS_MOVE = YES;
				CLANG_WARN_UNGUARDED_AVAILABILITY = YES_AGGRESSIVE;
				CLANG_WARN_UNREACHABLE_CODE = YES;
				CLANG_WARN__DUPLICATE_METHOD_MATCH = YES;
				COPY_PHASE_STRIP = NO;
				DEBUG_INFORMATION_FORMAT = "dwarf-with-dsym";
				ENABLE_NS_ASSERTIONS = NO;
				ENABLE_STRICT_OBJC_MSGSEND = YES;
				ENABLE_USER_SCRIPT_SANDBOXING = YES;
				GCC_C_LANGUAGE_STANDARD = gnu17;
				GCC_NO_COMMON_BLOCKS = YES;
				GCC_WARN_64_TO_32_BIT_CONVERSION = YES;
				GCC_WARN_ABOUT_RETURN_TYPE = YES_ERROR;
				GCC_WARN_UNDECLARED_SELECTOR = YES;
				GCC_WARN_UNINITIALIZED_AUTOS = YES_AGGRESSIVE;
				GCC_WARN_UNUSED_FUNCTION = YES;
				GCC_WARN_UNUSED_VARIABLE = YES;
				IPHONEOS_DEPLOYMENT_TARGET = 18.1;
				LOCALIZATION_PREFERS_STRING_CATALOGS = YES;
				MTL_ENABLE_DEBUG_INFO = NO;
				MTL_FAST_MATH = YES;
				SDKROOT = iphoneos;
				SWIFT_COMPILATION_MODE = wholemodule;
				VALIDATE_PRODUCT = YES;
			};
			name = Release;
		};
		823CF1432D0A062E005AD74A /* Debug */ = {
			isa = XCBuildConfiguration;
			buildSettings = {
				ASSETCATALOG_COMPILER_APPICON_NAME = AppIcon;
				ASSETCATALOG_COMPILER_GLOBAL_ACCENT_COLOR_NAME = AccentColor;
				CODE_SIGN_STYLE = Automatic;
				CURRENT_PROJECT_VERSION = 1;
				DEVELOPMENT_ASSET_PATHS = "\"PhotoEditor/Preview Content\"";
				DEVELOPMENT_TEAM = BMJF63URC7;
				ENABLE_PREVIEWS = YES;
				GENERATE_INFOPLIST_FILE = YES;
				INFOPLIST_KEY_UIApplicationSceneManifest_Generation = YES;
				INFOPLIST_KEY_UIApplicationSupportsIndirectInputEvents = YES;
				INFOPLIST_KEY_UILaunchScreen_Generation = YES;
				INFOPLIST_KEY_UISupportedInterfaceOrientations_iPad = "UIInterfaceOrientationPortrait UIInterfaceOrientationPortraitUpsideDown UIInterfaceOrientationLandscapeLeft UIInterfaceOrientationLandscapeRight";
				INFOPLIST_KEY_UISupportedInterfaceOrientations_iPhone = "UIInterfaceOrientationPortrait UIInterfaceOrientationLandscapeLeft UIInterfaceOrientationLandscapeRight";
				LD_RUNPATH_SEARCH_PATHS = (
					"$(inherited)",
					"@executable_path/Frameworks",
				);
				MARKETING_VERSION = 1.0;
				PRODUCT_BUNDLE_IDENTIFIER = studying.PhotoEditor;
				PRODUCT_NAME = "$(TARGET_NAME)";
				SWIFT_EMIT_LOC_STRINGS = YES;
				SWIFT_VERSION = 5.0;
				TARGETED_DEVICE_FAMILY = "1,2";
			};
			name = Debug;
		};
		823CF1442D0A062E005AD74A /* Release */ = {
			isa = XCBuildConfiguration;
			buildSettings = {
				ASSETCATALOG_COMPILER_APPICON_NAME = AppIcon;
				ASSETCATALOG_COMPILER_GLOBAL_ACCENT_COLOR_NAME = AccentColor;
				CODE_SIGN_STYLE = Automatic;
				CURRENT_PROJECT_VERSION = 1;
				DEVELOPMENT_ASSET_PATHS = "\"PhotoEditor/Preview Content\"";
				DEVELOPMENT_TEAM = BMJF63URC7;
				ENABLE_PREVIEWS = YES;
				GENERATE_INFOPLIST_FILE = YES;
				INFOPLIST_KEY_UIApplicationSceneManifest_Generation = YES;
				INFOPLIST_KEY_UIApplicationSupportsIndirectInputEvents = YES;
				INFOPLIST_KEY_UILaunchScreen_Generation = YES;
				INFOPLIST_KEY_UISupportedInterfaceOrientations_iPad = "UIInterfaceOrientationPortrait UIInterfaceOrientationPortraitUpsideDown UIInterfaceOrientationLandscapeLeft UIInterfaceOrientationLandscapeRight";
				INFOPLIST_KEY_UISupportedInterfaceOrientations_iPhone = "UIInterfaceOrientationPortrait UIInterfaceOrientationLandscapeLeft UIInterfaceOrientationLandscapeRight";
				LD_RUNPATH_SEARCH_PATHS = (
					"$(inherited)",
					"@executable_path/Frameworks",
				);
				MARKETING_VERSION = 1.0;
				PRODUCT_BUNDLE_IDENTIFIER = studying.PhotoEditor;
				PRODUCT_NAME = "$(TARGET_NAME)";
				SWIFT_EMIT_LOC_STRINGS = YES;
				SWIFT_VERSION = 5.0;
				TARGETED_DEVICE_FAMILY = "1,2";
			};
			name = Release;
		};
/* End XCBuildConfiguration section */

/* Begin XCConfigurationList section */
		823CF12F2D0A062A005AD74A /* Build configuration list for PBXProject "PhotoEditor" */ = {
			isa = XCConfigurationList;
			buildConfigurations = (
				823CF1402D0A062E005AD74A /* Debug */,
				823CF1412D0A062E005AD74A /* Release */,
			);
			defaultConfigurationIsVisible = 0;
			defaultConfigurationName = Release;
		};
		823CF1422D0A062E005AD74A /* Build configuration list for PBXNativeTarget "PhotoEditor" */ = {
			isa = XCConfigurationList;
			buildConfigurations = (
				823CF1432D0A062E005AD74A /* Debug */,
				823CF1442D0A062E005AD74A /* Release */,
			);
			defaultConfigurationIsVisible = 0;
			defaultConfigurationName = Release;
		};
/* End XCConfigurationList section */
	};
	rootObject = 823CF12C2D0A062A005AD74A /* Project object */;
}
