// !$*UTF8*$!
{
	archiveVersion = 1;
	classes = {
	};
	objectVersion = 77;
	objects = {

/* Begin PBXBuildFile section */
		821ACE2D2D0C3DA900D0924A /* DrawingView.swift in Sources */ = {isa = PBXBuildFile; fileRef = 821ACE2C2D0C3DA900D0924A /* DrawingView.swift */; };
		821ACE2F2D0C40DC00D0924A /* EditingViewModel.swift in Sources */ = {isa = PBXBuildFile; fileRef = 821ACE2E2D0C40D500D0924A /* EditingViewModel.swift */; };
		821ACE312D0C461600D0924A /* SecondaryTextModifier.swift in Sources */ = {isa = PBXBuildFile; fileRef = 821ACE302D0C45DB00D0924A /* SecondaryTextModifier.swift */; };
		821ACE352D0C4A4100D0924A /* CanvasView.swift in Sources */ = {isa = PBXBuildFile; fileRef = 821ACE342D0C4A3E00D0924A /* CanvasView.swift */; };
		821ACE392D0C781A00D0924A /* TextBox.swift in Sources */ = {isa = PBXBuildFile; fileRef = 821ACE382D0C781100D0924A /* TextBox.swift */; };
		821ACE3B2D0CA6DB00D0924A /* InitialView.swift in Sources */ = {isa = PBXBuildFile; fileRef = 821ACE3A2D0CA6D700D0924A /* InitialView.swift */; };
		821ACE412D0CAB3200D0924A /* EditingView.swift in Sources */ = {isa = PBXBuildFile; fileRef = 821ACE402D0CAB3000D0924A /* EditingView.swift */; };
		821ACE442D0CAFEA00D0924A /* CommonTextModifier.swift in Sources */ = {isa = PBXBuildFile; fileRef = 821ACE432D0CAFE300D0924A /* CommonTextModifier.swift */; };
		821ACE462D0CB01300D0924A /* BarButtonModifier.swift in Sources */ = {isa = PBXBuildFile; fileRef = 821ACE452D0CAFF400D0924A /* BarButtonModifier.swift */; };
		821ACE482D0CB21400D0924A /* ViewExtension.swift in Sources */ = {isa = PBXBuildFile; fileRef = 821ACE472D0CB20D00D0924A /* ViewExtension.swift */; };
		823CF1462D0A0698005AD74A /* .gitignore in Resources */ = {isa = PBXBuildFile; fileRef = 823CF1452D0A0698005AD74A /* .gitignore */; };
		823CF14D2D0A0866005AD74A /* AuthView.swift in Sources */ = {isa = PBXBuildFile; fileRef = 823CF14A2D0A0866005AD74A /* AuthView.swift */; };
		823CF14E2D0A0866005AD74A /* PhotoEditorApp.swift in Sources */ = {isa = PBXBuildFile; fileRef = 823CF14B2D0A0866005AD74A /* PhotoEditorApp.swift */; };
		823CF14F2D0A0866005AD74A /* Preview Assets.xcassets in Resources */ = {isa = PBXBuildFile; fileRef = 823CF1472D0A0866005AD74A /* Preview Assets.xcassets */; };
		823CF1502D0A0866005AD74A /* Assets.xcassets in Resources */ = {isa = PBXBuildFile; fileRef = 823CF1492D0A0866005AD74A /* Assets.xcassets */; };
		823CF1792D0A1814005AD74A /* FieldModifier.swift in Sources */ = {isa = PBXBuildFile; fileRef = 823CF1782D0A1814005AD74A /* FieldModifier.swift */; };
		823CF17B2D0A18BA005AD74A /* CapsuleButtonModifier.swift in Sources */ = {isa = PBXBuildFile; fileRef = 823CF17A2D0A18AF005AD74A /* CapsuleButtonModifier.swift */; };
		823CF1832D0A1F67005AD74A /* SignUpView.swift in Sources */ = {isa = PBXBuildFile; fileRef = 823CF1822D0A1F5F005AD74A /* SignUpView.swift */; };
		823CF1902D0A2A04005AD74A /* GoogleLogo.swift in Sources */ = {isa = PBXBuildFile; fileRef = 823CF18F2D0A29FB005AD74A /* GoogleLogo.swift */; };
		823CF1922D0A3FD2005AD74A /* GlobalConstants.swift in Sources */ = {isa = PBXBuildFile; fileRef = 823CF1912D0A3FCE005AD74A /* GlobalConstants.swift */; };
		823CF1A82D0A4A0F005AD74A /* RecoveryView.swift in Sources */ = {isa = PBXBuildFile; fileRef = 823CF1A72D0A49F8005AD74A /* RecoveryView.swift */; };
		823CF1D32D0A6BEE005AD74A /* MainView.swift in Sources */ = {isa = PBXBuildFile; fileRef = 823CF1D22D0A6BE0005AD74A /* MainView.swift */; };
		82FA16C22D0B1763003A676F /* TitleView.swift in Sources */ = {isa = PBXBuildFile; fileRef = 82FA16C12D0B175F003A676F /* TitleView.swift */; };
		82FA16C42D0B1CD5003A676F /* ImagePicker.swift in Sources */ = {isa = PBXBuildFile; fileRef = 82FA16C32D0B1CCC003A676F /* ImagePicker.swift */; };
		82FA16C62D0B49AE003A676F /* Picker.swift in Sources */ = {isa = PBXBuildFile; fileRef = 82FA16C52D0B49A3003A676F /* Picker.swift */; };
		82FA16CB2D0B6DA4003A676F /* ActivityView.swift in Sources */ = {isa = PBXBuildFile; fileRef = 82FA16CA2D0B6D9C003A676F /* ActivityView.swift */; };
		82FA16DA2D0B6F61003A676F /* Mode.swift in Sources */ = {isa = PBXBuildFile; fileRef = 82FA16D92D0B6F5B003A676F /* Mode.swift */; };
		82FA16DC2D0B8866003A676F /* NormalView.swift in Sources */ = {isa = PBXBuildFile; fileRef = 82FA16DB2D0B8862003A676F /* NormalView.swift */; };
/* End PBXBuildFile section */

/* Begin PBXFileReference section */
		821ACE2C2D0C3DA900D0924A /* DrawingView.swift */ = {isa = PBXFileReference; lastKnownFileType = sourcecode.swift; path = DrawingView.swift; sourceTree = "<group>"; };
		821ACE2E2D0C40D500D0924A /* EditingViewModel.swift */ = {isa = PBXFileReference; lastKnownFileType = sourcecode.swift; path = EditingViewModel.swift; sourceTree = "<group>"; };
		821ACE302D0C45DB00D0924A /* SecondaryTextModifier.swift */ = {isa = PBXFileReference; lastKnownFileType = sourcecode.swift; path = SecondaryTextModifier.swift; sourceTree = "<group>"; };
		821ACE342D0C4A3E00D0924A /* CanvasView.swift */ = {isa = PBXFileReference; lastKnownFileType = sourcecode.swift; path = CanvasView.swift; sourceTree = "<group>"; };
		821ACE382D0C781100D0924A /* TextBox.swift */ = {isa = PBXFileReference; lastKnownFileType = sourcecode.swift; path = TextBox.swift; sourceTree = "<group>"; };
		821ACE3A2D0CA6D700D0924A /* InitialView.swift */ = {isa = PBXFileReference; lastKnownFileType = sourcecode.swift; path = InitialView.swift; sourceTree = "<group>"; };
		821ACE402D0CAB3000D0924A /* EditingView.swift */ = {isa = PBXFileReference; lastKnownFileType = sourcecode.swift; path = EditingView.swift; sourceTree = "<group>"; };
		821ACE432D0CAFE300D0924A /* CommonTextModifier.swift */ = {isa = PBXFileReference; lastKnownFileType = sourcecode.swift; path = CommonTextModifier.swift; sourceTree = "<group>"; };
		821ACE452D0CAFF400D0924A /* BarButtonModifier.swift */ = {isa = PBXFileReference; lastKnownFileType = sourcecode.swift; path = BarButtonModifier.swift; sourceTree = "<group>"; };
		821ACE472D0CB20D00D0924A /* ViewExtension.swift */ = {isa = PBXFileReference; lastKnownFileType = sourcecode.swift; path = ViewExtension.swift; sourceTree = "<group>"; };
		823CF1342D0A062A005AD74A /* PhotoEditor.app */ = {isa = PBXFileReference; explicitFileType = wrapper.application; includeInIndex = 0; path = PhotoEditor.app; sourceTree = BUILT_PRODUCTS_DIR; };
		823CF1452D0A0698005AD74A /* .gitignore */ = {isa = PBXFileReference; lastKnownFileType = text; path = .gitignore; sourceTree = "<group>"; };
		823CF1472D0A0866005AD74A /* Preview Assets.xcassets */ = {isa = PBXFileReference; lastKnownFileType = folder.assetcatalog; path = "Preview Assets.xcassets"; sourceTree = "<group>"; };
		823CF1492D0A0866005AD74A /* Assets.xcassets */ = {isa = PBXFileReference; lastKnownFileType = folder.assetcatalog; path = Assets.xcassets; sourceTree = "<group>"; };
		823CF14A2D0A0866005AD74A /* AuthView.swift */ = {isa = PBXFileReference; lastKnownFileType = sourcecode.swift; path = AuthView.swift; sourceTree = "<group>"; };
		823CF14B2D0A0866005AD74A /* PhotoEditorApp.swift */ = {isa = PBXFileReference; lastKnownFileType = sourcecode.swift; path = PhotoEditorApp.swift; sourceTree = "<group>"; };
		823CF1782D0A1814005AD74A /* FieldModifier.swift */ = {isa = PBXFileReference; lastKnownFileType = sourcecode.swift; path = FieldModifier.swift; sourceTree = "<group>"; };
		823CF17A2D0A18AF005AD74A /* CapsuleButtonModifier.swift */ = {isa = PBXFileReference; lastKnownFileType = sourcecode.swift; path = CapsuleButtonModifier.swift; sourceTree = "<group>"; };
		823CF1822D0A1F5F005AD74A /* SignUpView.swift */ = {isa = PBXFileReference; lastKnownFileType = sourcecode.swift; path = SignUpView.swift; sourceTree = "<group>"; };
		823CF18F2D0A29FB005AD74A /* GoogleLogo.swift */ = {isa = PBXFileReference; lastKnownFileType = sourcecode.swift; path = GoogleLogo.swift; sourceTree = "<group>"; };
		823CF1912D0A3FCE005AD74A /* GlobalConstants.swift */ = {isa = PBXFileReference; lastKnownFileType = sourcecode.swift; path = GlobalConstants.swift; sourceTree = "<group>"; };
		823CF1A72D0A49F8005AD74A /* RecoveryView.swift */ = {isa = PBXFileReference; lastKnownFileType = sourcecode.swift; path = RecoveryView.swift; sourceTree = "<group>"; };
		823CF1D22D0A6BE0005AD74A /* MainView.swift */ = {isa = PBXFileReference; lastKnownFileType = sourcecode.swift; path = MainView.swift; sourceTree = "<group>"; };
		82FA16C12D0B175F003A676F /* TitleView.swift */ = {isa = PBXFileReference; lastKnownFileType = sourcecode.swift; path = TitleView.swift; sourceTree = "<group>"; };
		82FA16C32D0B1CCC003A676F /* ImagePicker.swift */ = {isa = PBXFileReference; lastKnownFileType = sourcecode.swift; path = ImagePicker.swift; sourceTree = "<group>"; };
		82FA16C52D0B49A3003A676F /* Picker.swift */ = {isa = PBXFileReference; lastKnownFileType = sourcecode.swift; path = Picker.swift; sourceTree = "<group>"; };
		82FA16C92D0B5F9D003A676F /* Info.plist */ = {isa = PBXFileReference; lastKnownFileType = text.plist; path = Info.plist; sourceTree = "<group>"; };
		82FA16CA2D0B6D9C003A676F /* ActivityView.swift */ = {isa = PBXFileReference; lastKnownFileType = sourcecode.swift; path = ActivityView.swift; sourceTree = "<group>"; };
		82FA16D92D0B6F5B003A676F /* Mode.swift */ = {isa = PBXFileReference; lastKnownFileType = sourcecode.swift; path = Mode.swift; sourceTree = "<group>"; };
		82FA16DB2D0B8862003A676F /* NormalView.swift */ = {isa = PBXFileReference; lastKnownFileType = sourcecode.swift; path = NormalView.swift; sourceTree = "<group>"; };
/* End PBXFileReference section */

/* Begin PBXFrameworksBuildPhase section */
		823CF1312D0A062A005AD74A /* Frameworks */ = {
			isa = PBXFrameworksBuildPhase;
			buildActionMask = 2147483647;
			files = (
			);
			runOnlyForDeploymentPostprocessing = 0;
		};
/* End PBXFrameworksBuildPhase section */

/* Begin PBXGroup section */
		821ACE322D0C467200D0924A /* SupportingViews */ = {
			isa = PBXGroup;
			children = (
				82FA16C12D0B175F003A676F /* TitleView.swift */,
			);
			path = SupportingViews;
			sourceTree = "<group>";
		};
		821ACE332D0C4A1E00D0924A /* Representables */ = {
			isa = PBXGroup;
			children = (
				821ACE342D0C4A3E00D0924A /* CanvasView.swift */,
				82FA16CA2D0B6D9C003A676F /* ActivityView.swift */,
				82FA16C32D0B1CCC003A676F /* ImagePicker.swift */,
			);
			path = Representables;
			sourceTree = "<group>";
		};
		821ACE422D0CAF9E00D0924A /* Subviews */ = {
			isa = PBXGroup;
			children = (
				821ACE3A2D0CA6D700D0924A /* InitialView.swift */,
				82FA16DB2D0B8862003A676F /* NormalView.swift */,
				821ACE402D0CAB3000D0924A /* EditingView.swift */,
				821ACE2C2D0C3DA900D0924A /* DrawingView.swift */,
			);
			path = Subviews;
			sourceTree = "<group>";
		};
		821ACE492D0CB30400D0924A /* Extensions */ = {
			isa = PBXGroup;
			children = (
				821ACE472D0CB20D00D0924A /* ViewExtension.swift */,
			);
			path = Extensions;
			sourceTree = "<group>";
		};
		823CF12B2D0A062A005AD74A = {
			isa = PBXGroup;
			children = (
				823CF1452D0A0698005AD74A /* .gitignore */,
				823CF14C2D0A0866005AD74A /* PhotoEditor */,
				823CF1352D0A062A005AD74A /* Products */,
			);
			sourceTree = "<group>";
		};
		823CF1352D0A062A005AD74A /* Products */ = {
			isa = PBXGroup;
			children = (
				823CF1342D0A062A005AD74A /* PhotoEditor.app */,
			);
			name = Products;
			sourceTree = "<group>";
		};
		823CF1482D0A0866005AD74A /* Preview Content */ = {
			isa = PBXGroup;
			children = (
				823CF1472D0A0866005AD74A /* Preview Assets.xcassets */,
			);
			path = "Preview Content";
			sourceTree = "<group>";
		};
		823CF14C2D0A0866005AD74A /* PhotoEditor */ = {
			isa = PBXGroup;
			children = (
				82FA16C92D0B5F9D003A676F /* Info.plist */,
				823CF1482D0A0866005AD74A /* Preview Content */,
				823CF1492D0A0866005AD74A /* Assets.xcassets */,
				823CF14B2D0A0866005AD74A /* PhotoEditorApp.swift */,
				823CF1512D0A08E4005AD74A /* Modules */,
				821ACE322D0C467200D0924A /* SupportingViews */,
				821ACE492D0CB30400D0924A /* Extensions */,
				823CF1772D0A17F6005AD74A /* Modifiers */,
				823CF1912D0A3FCE005AD74A /* GlobalConstants.swift */,
			);
			path = PhotoEditor;
			sourceTree = "<group>";
		};
		823CF1512D0A08E4005AD74A /* Modules */ = {
			isa = PBXGroup;
			children = (
				823CF1522D0A08EA005AD74A /* AuthModule */,
				823CF1532D0A08F5005AD74A /* SignUpModule */,
				823CF1552D0A09D7005AD74A /* RecoveryModule */,
				823CF1542D0A0900005AD74A /* PhotoEditModule */,
			);
			path = Modules;
			sourceTree = "<group>";
		};
		823CF1522D0A08EA005AD74A /* AuthModule */ = {
			isa = PBXGroup;
			children = (
				823CF17C2D0A1A68005AD74A /* View */,
				823CF17D2D0A1A6D005AD74A /* ViewModel */,
				823CF17E2D0A1A71005AD74A /* Model */,
			);
			path = AuthModule;
			sourceTree = "<group>";
		};
		823CF1532D0A08F5005AD74A /* SignUpModule */ = {
			isa = PBXGroup;
			children = (
				823CF17F2D0A1F3F005AD74A /* View */,
				823CF1812D0A1F53005AD74A /* ViewModel */,
				823CF1802D0A1F49005AD74A /* Model */,
			);
			path = SignUpModule;
			sourceTree = "<group>";
		};
		823CF1542D0A0900005AD74A /* PhotoEditModule */ = {
			isa = PBXGroup;
			children = (
				823CF1D12D0A6BD5005AD74A /* View */,
				823CF1D02D0A6BCF005AD74A /* ViewModel */,
				823CF1CF2D0A6BC9005AD74A /* Model */,
			);
			path = PhotoEditModule;
			sourceTree = "<group>";
		};
		823CF1552D0A09D7005AD74A /* RecoveryModule */ = {
			isa = PBXGroup;
			children = (
				823CF1A72D0A49F8005AD74A /* RecoveryView.swift */,
			);
			path = RecoveryModule;
			sourceTree = "<group>";
		};
		823CF1772D0A17F6005AD74A /* Modifiers */ = {
			isa = PBXGroup;
			children = (
				823CF17A2D0A18AF005AD74A /* CapsuleButtonModifier.swift */,
				821ACE302D0C45DB00D0924A /* SecondaryTextModifier.swift */,
				821ACE432D0CAFE300D0924A /* CommonTextModifier.swift */,
				821ACE452D0CAFF400D0924A /* BarButtonModifier.swift */,
				823CF1782D0A1814005AD74A /* FieldModifier.swift */,
			);
			path = Modifiers;
			sourceTree = "<group>";
		};
		823CF17C2D0A1A68005AD74A /* View */ = {
			isa = PBXGroup;
			children = (
				823CF14A2D0A0866005AD74A /* AuthView.swift */,
				823CF18F2D0A29FB005AD74A /* GoogleLogo.swift */,
			);
			path = View;
			sourceTree = "<group>";
		};
		823CF17D2D0A1A6D005AD74A /* ViewModel */ = {
			isa = PBXGroup;
			children = (
			);
			path = ViewModel;
			sourceTree = "<group>";
		};
		823CF17E2D0A1A71005AD74A /* Model */ = {
			isa = PBXGroup;
			children = (
			);
			path = Model;
			sourceTree = "<group>";
		};
		823CF17F2D0A1F3F005AD74A /* View */ = {
			isa = PBXGroup;
			children = (
				823CF1822D0A1F5F005AD74A /* SignUpView.swift */,
			);
			path = View;
			sourceTree = "<group>";
		};
		823CF1802D0A1F49005AD74A /* Model */ = {
			isa = PBXGroup;
			children = (
			);
			path = Model;
			sourceTree = "<group>";
		};
		823CF1812D0A1F53005AD74A /* ViewModel */ = {
			isa = PBXGroup;
			children = (
			);
			path = ViewModel;
			sourceTree = "<group>";
		};
		823CF1CF2D0A6BC9005AD74A /* Model */ = {
			isa = PBXGroup;
			children = (
				82FA16C52D0B49A3003A676F /* Picker.swift */,
				821ACE382D0C781100D0924A /* TextBox.swift */,
				82FA16D92D0B6F5B003A676F /* Mode.swift */,
			);
			path = Model;
			sourceTree = "<group>";
		};
		823CF1D02D0A6BCF005AD74A /* ViewModel */ = {
			isa = PBXGroup;
			children = (
				821ACE2E2D0C40D500D0924A /* EditingViewModel.swift */,
			);
			path = ViewModel;
			sourceTree = "<group>";
		};
		823CF1D12D0A6BD5005AD74A /* View */ = {
			isa = PBXGroup;
			children = (
				823CF1D22D0A6BE0005AD74A /* MainView.swift */,
				821ACE422D0CAF9E00D0924A /* Subviews */,
				821ACE332D0C4A1E00D0924A /* Representables */,
			);
			path = View;
			sourceTree = "<group>";
		};
/* End PBXGroup section */

/* Begin PBXNativeTarget section */
		823CF1332D0A062A005AD74A /* PhotoEditor */ = {
			isa = PBXNativeTarget;
			buildConfigurationList = 823CF1422D0A062E005AD74A /* Build configuration list for PBXNativeTarget "PhotoEditor" */;
			buildPhases = (
				823CF1302D0A062A005AD74A /* Sources */,
				823CF1312D0A062A005AD74A /* Frameworks */,
				823CF1322D0A062A005AD74A /* Resources */,
			);
			buildRules = (
			);
			dependencies = (
			);
			name = PhotoEditor;
			packageProductDependencies = (
			);
			productName = PhotoEditor;
			productReference = 823CF1342D0A062A005AD74A /* PhotoEditor.app */;
			productType = "com.apple.product-type.application";
		};
/* End PBXNativeTarget section */

/* Begin PBXProject section */
		823CF12C2D0A062A005AD74A /* Project object */ = {
			isa = PBXProject;
			attributes = {
				BuildIndependentTargetsInParallel = 1;
				LastSwiftUpdateCheck = 1610;
				LastUpgradeCheck = 1610;
				TargetAttributes = {
					823CF1332D0A062A005AD74A = {
						CreatedOnToolsVersion = 16.1;
					};
				};
			};
			buildConfigurationList = 823CF12F2D0A062A005AD74A /* Build configuration list for PBXProject "PhotoEditor" */;
			developmentRegion = en;
			hasScannedForEncodings = 0;
			knownRegions = (
				en,
				Base,
			);
			mainGroup = 823CF12B2D0A062A005AD74A;
			minimizedProjectReferenceProxies = 1;
			preferredProjectObjectVersion = 77;
			productRefGroup = 823CF1352D0A062A005AD74A /* Products */;
			projectDirPath = "";
			projectRoot = "";
			targets = (
				823CF1332D0A062A005AD74A /* PhotoEditor */,
			);
		};
/* End PBXProject section */

/* Begin PBXResourcesBuildPhase section */
		823CF1322D0A062A005AD74A /* Resources */ = {
			isa = PBXResourcesBuildPhase;
			buildActionMask = 2147483647;
			files = (
				823CF14F2D0A0866005AD74A /* Preview Assets.xcassets in Resources */,
				823CF1502D0A0866005AD74A /* Assets.xcassets in Resources */,
				823CF1462D0A0698005AD74A /* .gitignore in Resources */,
			);
			runOnlyForDeploymentPostprocessing = 0;
		};
/* End PBXResourcesBuildPhase section */

/* Begin PBXSourcesBuildPhase section */
		823CF1302D0A062A005AD74A /* Sources */ = {
			isa = PBXSourcesBuildPhase;
			buildActionMask = 2147483647;
			files = (
				82FA16C22D0B1763003A676F /* TitleView.swift in Sources */,
				82FA16C62D0B49AE003A676F /* Picker.swift in Sources */,
				821ACE352D0C4A4100D0924A /* CanvasView.swift in Sources */,
				82FA16DA2D0B6F61003A676F /* Mode.swift in Sources */,
				821ACE482D0CB21400D0924A /* ViewExtension.swift in Sources */,
				82FA16CB2D0B6DA4003A676F /* ActivityView.swift in Sources */,
				823CF1832D0A1F67005AD74A /* SignUpView.swift in Sources */,
				821ACE2D2D0C3DA900D0924A /* DrawingView.swift in Sources */,
				823CF1902D0A2A04005AD74A /* GoogleLogo.swift in Sources */,
				821ACE462D0CB01300D0924A /* BarButtonModifier.swift in Sources */,
				823CF1A82D0A4A0F005AD74A /* RecoveryView.swift in Sources */,
				821ACE442D0CAFEA00D0924A /* CommonTextModifier.swift in Sources */,
				823CF14D2D0A0866005AD74A /* AuthView.swift in Sources */,
				823CF1792D0A1814005AD74A /* FieldModifier.swift in Sources */,
				821ACE3B2D0CA6DB00D0924A /* InitialView.swift in Sources */,
				821ACE2F2D0C40DC00D0924A /* EditingViewModel.swift in Sources */,
				823CF1D32D0A6BEE005AD74A /* MainView.swift in Sources */,
				82FA16C42D0B1CD5003A676F /* ImagePicker.swift in Sources */,
				823CF1922D0A3FD2005AD74A /* GlobalConstants.swift in Sources */,
				823CF14E2D0A0866005AD74A /* PhotoEditorApp.swift in Sources */,
				821ACE412D0CAB3200D0924A /* EditingView.swift in Sources */,
				82FA16DC2D0B8866003A676F /* NormalView.swift in Sources */,
				821ACE312D0C461600D0924A /* SecondaryTextModifier.swift in Sources */,
				821ACE392D0C781A00D0924A /* TextBox.swift in Sources */,
				823CF17B2D0A18BA005AD74A /* CapsuleButtonModifier.swift in Sources */,
			);
			runOnlyForDeploymentPostprocessing = 0;
		};
/* End PBXSourcesBuildPhase section */

/* Begin XCBuildConfiguration section */
		823CF1402D0A062E005AD74A /* Debug */ = {
			isa = XCBuildConfiguration;
			buildSettings = {
				ALWAYS_SEARCH_USER_PATHS = NO;
				ASSETCATALOG_COMPILER_GENERATE_SWIFT_ASSET_SYMBOL_EXTENSIONS = YES;
				CLANG_ANALYZER_NONNULL = YES;
				CLANG_ANALYZER_NUMBER_OBJECT_CONVERSION = YES_AGGRESSIVE;
				CLANG_CXX_LANGUAGE_STANDARD = "gnu++20";
				CLANG_ENABLE_MODULES = YES;
				CLANG_ENABLE_OBJC_ARC = YES;
				CLANG_ENABLE_OBJC_WEAK = YES;
				CLANG_WARN_BLOCK_CAPTURE_AUTORELEASING = YES;
				CLANG_WARN_BOOL_CONVERSION = YES;
				CLANG_WARN_COMMA = YES;
				CLANG_WARN_CONSTANT_CONVERSION = YES;
				CLANG_WARN_DEPRECATED_OBJC_IMPLEMENTATIONS = YES;
				CLANG_WARN_DIRECT_OBJC_ISA_USAGE = YES_ERROR;
				CLANG_WARN_DOCUMENTATION_COMMENTS = YES;
				CLANG_WARN_EMPTY_BODY = YES;
				CLANG_WARN_ENUM_CONVERSION = YES;
				CLANG_WARN_INFINITE_RECURSION = YES;
				CLANG_WARN_INT_CONVERSION = YES;
				CLANG_WARN_NON_LITERAL_NULL_CONVERSION = YES;
				CLANG_WARN_OBJC_IMPLICIT_RETAIN_SELF = YES;
				CLANG_WARN_OBJC_LITERAL_CONVERSION = YES;
				CLANG_WARN_OBJC_ROOT_CLASS = YES_ERROR;
				CLANG_WARN_QUOTED_INCLUDE_IN_FRAMEWORK_HEADER = YES;
				CLANG_WARN_RANGE_LOOP_ANALYSIS = YES;
				CLANG_WARN_STRICT_PROTOTYPES = YES;
				CLANG_WARN_SUSPICIOUS_MOVE = YES;
				CLANG_WARN_UNGUARDED_AVAILABILITY = YES_AGGRESSIVE;
				CLANG_WARN_UNREACHABLE_CODE = YES;
				CLANG_WARN__DUPLICATE_METHOD_MATCH = YES;
				COPY_PHASE_STRIP = NO;
				DEBUG_INFORMATION_FORMAT = dwarf;
				ENABLE_STRICT_OBJC_MSGSEND = YES;
				ENABLE_TESTABILITY = YES;
				ENABLE_USER_SCRIPT_SANDBOXING = YES;
				GCC_C_LANGUAGE_STANDARD = gnu17;
				GCC_DYNAMIC_NO_PIC = NO;
				GCC_NO_COMMON_BLOCKS = YES;
				GCC_OPTIMIZATION_LEVEL = 0;
				GCC_PREPROCESSOR_DEFINITIONS = (
					"DEBUG=1",
					"$(inherited)",
				);
				GCC_WARN_64_TO_32_BIT_CONVERSION = YES;
				GCC_WARN_ABOUT_RETURN_TYPE = YES_ERROR;
				GCC_WARN_UNDECLARED_SELECTOR = YES;
				GCC_WARN_UNINITIALIZED_AUTOS = YES_AGGRESSIVE;
				GCC_WARN_UNUSED_FUNCTION = YES;
				GCC_WARN_UNUSED_VARIABLE = YES;
				IPHONEOS_DEPLOYMENT_TARGET = 18.1;
				LOCALIZATION_PREFERS_STRING_CATALOGS = YES;
				MTL_ENABLE_DEBUG_INFO = INCLUDE_SOURCE;
				MTL_FAST_MATH = YES;
				ONLY_ACTIVE_ARCH = YES;
				SDKROOT = iphoneos;
				SWIFT_ACTIVE_COMPILATION_CONDITIONS = "DEBUG $(inherited)";
				SWIFT_OPTIMIZATION_LEVEL = "-Onone";
			};
			name = Debug;
		};
		823CF1412D0A062E005AD74A /* Release */ = {
			isa = XCBuildConfiguration;
			buildSettings = {
				ALWAYS_SEARCH_USER_PATHS = NO;
				ASSETCATALOG_COMPILER_GENERATE_SWIFT_ASSET_SYMBOL_EXTENSIONS = YES;
				CLANG_ANALYZER_NONNULL = YES;
				CLANG_ANALYZER_NUMBER_OBJECT_CONVERSION = YES_AGGRESSIVE;
				CLANG_CXX_LANGUAGE_STANDARD = "gnu++20";
				CLANG_ENABLE_MODULES = YES;
				CLANG_ENABLE_OBJC_ARC = YES;
				CLANG_ENABLE_OBJC_WEAK = YES;
				CLANG_WARN_BLOCK_CAPTURE_AUTORELEASING = YES;
				CLANG_WARN_BOOL_CONVERSION = YES;
				CLANG_WARN_COMMA = YES;
				CLANG_WARN_CONSTANT_CONVERSION = YES;
				CLANG_WARN_DEPRECATED_OBJC_IMPLEMENTATIONS = YES;
				CLANG_WARN_DIRECT_OBJC_ISA_USAGE = YES_ERROR;
				CLANG_WARN_DOCUMENTATION_COMMENTS = YES;
				CLANG_WARN_EMPTY_BODY = YES;
				CLANG_WARN_ENUM_CONVERSION = YES;
				CLANG_WARN_INFINITE_RECURSION = YES;
				CLANG_WARN_INT_CONVERSION = YES;
				CLANG_WARN_NON_LITERAL_NULL_CONVERSION = YES;
				CLANG_WARN_OBJC_IMPLICIT_RETAIN_SELF = YES;
				CLANG_WARN_OBJC_LITERAL_CONVERSION = YES;
				CLANG_WARN_OBJC_ROOT_CLASS = YES_ERROR;
				CLANG_WARN_QUOTED_INCLUDE_IN_FRAMEWORK_HEADER = YES;
				CLANG_WARN_RANGE_LOOP_ANALYSIS = YES;
				CLANG_WARN_STRICT_PROTOTYPES = YES;
				CLANG_WARN_SUSPICIOUS_MOVE = YES;
				CLANG_WARN_UNGUARDED_AVAILABILITY = YES_AGGRESSIVE;
				CLANG_WARN_UNREACHABLE_CODE = YES;
				CLANG_WARN__DUPLICATE_METHOD_MATCH = YES;
				COPY_PHASE_STRIP = NO;
				DEBUG_INFORMATION_FORMAT = "dwarf-with-dsym";
				ENABLE_NS_ASSERTIONS = NO;
				ENABLE_STRICT_OBJC_MSGSEND = YES;
				ENABLE_USER_SCRIPT_SANDBOXING = YES;
				GCC_C_LANGUAGE_STANDARD = gnu17;
				GCC_NO_COMMON_BLOCKS = YES;
				GCC_WARN_64_TO_32_BIT_CONVERSION = YES;
				GCC_WARN_ABOUT_RETURN_TYPE = YES_ERROR;
				GCC_WARN_UNDECLARED_SELECTOR = YES;
				GCC_WARN_UNINITIALIZED_AUTOS = YES_AGGRESSIVE;
				GCC_WARN_UNUSED_FUNCTION = YES;
				GCC_WARN_UNUSED_VARIABLE = YES;
				IPHONEOS_DEPLOYMENT_TARGET = 18.1;
				LOCALIZATION_PREFERS_STRING_CATALOGS = YES;
				MTL_ENABLE_DEBUG_INFO = NO;
				MTL_FAST_MATH = YES;
				SDKROOT = iphoneos;
				SWIFT_COMPILATION_MODE = wholemodule;
				VALIDATE_PRODUCT = YES;
			};
			name = Release;
		};
		823CF1432D0A062E005AD74A /* Debug */ = {
			isa = XCBuildConfiguration;
			buildSettings = {
				ASSETCATALOG_COMPILER_APPICON_NAME = AppIcon;
				ASSETCATALOG_COMPILER_GLOBAL_ACCENT_COLOR_NAME = AccentColor;
				CODE_SIGN_STYLE = Automatic;
				CURRENT_PROJECT_VERSION = 1;
				DEVELOPMENT_ASSET_PATHS = "\"PhotoEditor/Preview Content\"";
				DEVELOPMENT_TEAM = BMJF63URC7;
				ENABLE_PREVIEWS = YES;
				GENERATE_INFOPLIST_FILE = YES;
				INFOPLIST_FILE = PhotoEditor/Info.plist;
				INFOPLIST_KEY_NSCameraUsageDescription = "The app needs permission to use camera to take a photo";
				INFOPLIST_KEY_NSPhotoLibraryUsageDescription = "The app needs permission to save images to your camera roll";
				INFOPLIST_KEY_UIApplicationSceneManifest_Generation = YES;
				INFOPLIST_KEY_UIApplicationSupportsIndirectInputEvents = YES;
				INFOPLIST_KEY_UILaunchScreen_Generation = YES;
				INFOPLIST_KEY_UISupportedInterfaceOrientations = UIInterfaceOrientationPortrait;
				INFOPLIST_KEY_UISupportedInterfaceOrientations_iPad = "UIInterfaceOrientationLandscapeLeft UIInterfaceOrientationLandscapeRight UIInterfaceOrientationPortrait UIInterfaceOrientationPortraitUpsideDown";
				IPHONEOS_DEPLOYMENT_TARGET = 15.0;
				LD_RUNPATH_SEARCH_PATHS = (
					"$(inherited)",
					"@executable_path/Frameworks",
				);
				MARKETING_VERSION = 1.0;
				PRODUCT_BUNDLE_IDENTIFIER = studying.PhotoEditor;
				PRODUCT_NAME = "$(TARGET_NAME)";
				SUPPORTED_PLATFORMS = "iphoneos iphonesimulator";
				SUPPORTS_MACCATALYST = NO;
				SUPPORTS_MAC_DESIGNED_FOR_IPHONE_IPAD = NO;
				SUPPORTS_XR_DESIGNED_FOR_IPHONE_IPAD = NO;
				SWIFT_EMIT_LOC_STRINGS = YES;
				SWIFT_VERSION = 5.0;
				TARGETED_DEVICE_FAMILY = 1;
			};
			name = Debug;
		};
		823CF1442D0A062E005AD74A /* Release */ = {
			isa = XCBuildConfiguration;
			buildSettings = {
				ASSETCATALOG_COMPILER_APPICON_NAME = AppIcon;
				ASSETCATALOG_COMPILER_GLOBAL_ACCENT_COLOR_NAME = AccentColor;
				CODE_SIGN_STYLE = Automatic;
				CURRENT_PROJECT_VERSION = 1;
				DEVELOPMENT_ASSET_PATHS = "\"PhotoEditor/Preview Content\"";
				DEVELOPMENT_TEAM = BMJF63URC7;
				ENABLE_PREVIEWS = YES;
				GENERATE_INFOPLIST_FILE = YES;
				INFOPLIST_FILE = PhotoEditor/Info.plist;
				INFOPLIST_KEY_NSCameraUsageDescription = "The app needs permission to use camera to take a photo";
				INFOPLIST_KEY_NSPhotoLibraryUsageDescription = "The app needs permission to save images to your camera roll";
				INFOPLIST_KEY_UIApplicationSceneManifest_Generation = YES;
				INFOPLIST_KEY_UIApplicationSupportsIndirectInputEvents = YES;
				INFOPLIST_KEY_UILaunchScreen_Generation = YES;
				INFOPLIST_KEY_UISupportedInterfaceOrientations = UIInterfaceOrientationPortrait;
				INFOPLIST_KEY_UISupportedInterfaceOrientations_iPad = "UIInterfaceOrientationLandscapeLeft UIInterfaceOrientationLandscapeRight UIInterfaceOrientationPortrait UIInterfaceOrientationPortraitUpsideDown";
				IPHONEOS_DEPLOYMENT_TARGET = 15.0;
				LD_RUNPATH_SEARCH_PATHS = (
					"$(inherited)",
					"@executable_path/Frameworks",
				);
				MARKETING_VERSION = 1.0;
				PRODUCT_BUNDLE_IDENTIFIER = studying.PhotoEditor;
				PRODUCT_NAME = "$(TARGET_NAME)";
				SUPPORTED_PLATFORMS = "iphoneos iphonesimulator";
				SUPPORTS_MACCATALYST = NO;
				SUPPORTS_MAC_DESIGNED_FOR_IPHONE_IPAD = NO;
				SUPPORTS_XR_DESIGNED_FOR_IPHONE_IPAD = NO;
				SWIFT_EMIT_LOC_STRINGS = YES;
				SWIFT_VERSION = 5.0;
				TARGETED_DEVICE_FAMILY = 1;
			};
			name = Release;
		};
/* End XCBuildConfiguration section */

/* Begin XCConfigurationList section */
		823CF12F2D0A062A005AD74A /* Build configuration list for PBXProject "PhotoEditor" */ = {
			isa = XCConfigurationList;
			buildConfigurations = (
				823CF1402D0A062E005AD74A /* Debug */,
				823CF1412D0A062E005AD74A /* Release */,
			);
			defaultConfigurationIsVisible = 0;
			defaultConfigurationName = Release;
		};
		823CF1422D0A062E005AD74A /* Build configuration list for PBXNativeTarget "PhotoEditor" */ = {
			isa = XCConfigurationList;
			buildConfigurations = (
				823CF1432D0A062E005AD74A /* Debug */,
				823CF1442D0A062E005AD74A /* Release */,
			);
			defaultConfigurationIsVisible = 0;
			defaultConfigurationName = Release;
		};
/* End XCConfigurationList section */
	};
	rootObject = 823CF12C2D0A062A005AD74A /* Project object */;
}
