// !$*UTF8*$!
{
	archiveVersion = 1;
	classes = {
	};
	objectVersion = 77;
	objects = {

/* Begin PBXBuildFile section */
		821ACF422D0D319A00D0924A /* Preview Assets.xcassets in Resources */ = {isa = PBXBuildFile; fileRef = 821ACF392D0D319A00D0924A /* Preview Assets.xcassets */; };
		821ACF432D0D319A00D0924A /* Assets.xcassets in Resources */ = {isa = PBXBuildFile; fileRef = 821ACF3D2D0D319A00D0924A /* Assets.xcassets */; };
		821ACF442D0D319A00D0924A /* Info.plist in Resources */ = {isa = PBXBuildFile; fileRef = 821ACF3F2D0D319A00D0924A /* Info.plist */; };
		821ACF452D0D319A00D0924A /* ViewExtension.swift in Sources */ = {isa = PBXBuildFile; fileRef = 821ACF0C2D0D319A00D0924A /* ViewExtension.swift */; };
		821ACF462D0D319A00D0924A /* BarButtonModifier.swift in Sources */ = {isa = PBXBuildFile; fileRef = 821ACF0E2D0D319A00D0924A /* BarButtonModifier.swift */; };
		821ACF472D0D319A00D0924A /* CapsuleButtonModifier.swift in Sources */ = {isa = PBXBuildFile; fileRef = 821ACF0F2D0D319A00D0924A /* CapsuleButtonModifier.swift */; };
		821ACF482D0D319A00D0924A /* FieldModifier.swift in Sources */ = {isa = PBXBuildFile; fileRef = 821ACF102D0D319A00D0924A /* FieldModifier.swift */; };
		821ACF492D0D319A00D0924A /* TextBoxModifier.swift in Sources */ = {isa = PBXBuildFile; fileRef = 821ACF112D0D319A00D0924A /* TextBoxModifier.swift */; };
		821ACF4A2D0D319A00D0924A /* TextModifier.swift in Sources */ = {isa = PBXBuildFile; fileRef = 821ACF122D0D319A00D0924A /* TextModifier.swift */; };
		821ACF4B2D0D319A00D0924A /* AuthView.swift in Sources */ = {isa = PBXBuildFile; fileRef = 821ACF152D0D319A00D0924A /* AuthView.swift */; };
		821ACF4C2D0D319A00D0924A /* GoogleLogo.swift in Sources */ = {isa = PBXBuildFile; fileRef = 821ACF162D0D319A00D0924A /* GoogleLogo.swift */; };
		821ACF4D2D0D319A00D0924A /* AuthViewModel.swift in Sources */ = {isa = PBXBuildFile; fileRef = 821ACF182D0D319A00D0924A /* AuthViewModel.swift */; };
		821ACF4E2D0D319A00D0924A /* Mode.swift in Sources */ = {isa = PBXBuildFile; fileRef = 821ACF1B2D0D319A00D0924A /* Mode.swift */; };
		821ACF4F2D0D319A00D0924A /* PickerType.swift in Sources */ = {isa = PBXBuildFile; fileRef = 821ACF1C2D0D319A00D0924A /* PickerType.swift */; };
		821ACF502D0D319A00D0924A /* TextBox.swift in Sources */ = {isa = PBXBuildFile; fileRef = 821ACF1D2D0D319A00D0924A /* TextBox.swift */; };
		821ACF512D0D319A00D0924A /* ActivityView.swift in Sources */ = {isa = PBXBuildFile; fileRef = 821ACF1F2D0D319A00D0924A /* ActivityView.swift */; };
		821ACF522D0D319A00D0924A /* CanvasView.swift in Sources */ = {isa = PBXBuildFile; fileRef = 821ACF202D0D319A00D0924A /* CanvasView.swift */; };
		821ACF532D0D319A00D0924A /* ImagePicker.swift in Sources */ = {isa = PBXBuildFile; fileRef = 821ACF212D0D319A00D0924A /* ImagePicker.swift */; };
		821ACF542D0D319A00D0924A /* AddingTextView.swift in Sources */ = {isa = PBXBuildFile; fileRef = 821ACF232D0D319A00D0924A /* AddingTextView.swift */; };
		821ACF552D0D319A00D0924A /* DrawingView.swift in Sources */ = {isa = PBXBuildFile; fileRef = 821ACF242D0D319A00D0924A /* DrawingView.swift */; };
		821ACF562D0D319A00D0924A /* TextBoxesView.swift in Sources */ = {isa = PBXBuildFile; fileRef = 821ACF252D0D319A00D0924A /* TextBoxesView.swift */; };
		821ACF572D0D319A00D0924A /* TextToolBar.swift in Sources */ = {isa = PBXBuildFile; fileRef = 821ACF262D0D319A00D0924A /* TextToolBar.swift */; };
		821ACF582D0D319A00D0924A /* EditingView.swift in Sources */ = {isa = PBXBuildFile; fileRef = 821ACF282D0D319A00D0924A /* EditingView.swift */; };
		821ACF592D0D319A00D0924A /* InitialView.swift in Sources */ = {isa = PBXBuildFile; fileRef = 821ACF292D0D319A00D0924A /* InitialView.swift */; };
		821ACF5A2D0D319A00D0924A /* NormalView.swift in Sources */ = {isa = PBXBuildFile; fileRef = 821ACF2A2D0D319A00D0924A /* NormalView.swift */; };
		821ACF5B2D0D319A00D0924A /* MainView.swift in Sources */ = {isa = PBXBuildFile; fileRef = 821ACF2C2D0D319A00D0924A /* MainView.swift */; };
		821ACF5C2D0D319A00D0924A /* EditingViewModel.swift in Sources */ = {isa = PBXBuildFile; fileRef = 821ACF2E2D0D319A00D0924A /* EditingViewModel.swift */; };
		821ACF5D2D0D319A00D0924A /* RecoveryView.swift in Sources */ = {isa = PBXBuildFile; fileRef = 821ACF312D0D319A00D0924A /* RecoveryView.swift */; };
		821ACF5E2D0D319A00D0924A /* SignUpView.swift in Sources */ = {isa = PBXBuildFile; fileRef = 821ACF342D0D319A00D0924A /* SignUpView.swift */; };
		821ACF5F2D0D319A00D0924A /* TitleView.swift in Sources */ = {isa = PBXBuildFile; fileRef = 821ACF3B2D0D319A00D0924A /* TitleView.swift */; };
		821ACF602D0D319A00D0924A /* GlobalConstants.swift in Sources */ = {isa = PBXBuildFile; fileRef = 821ACF3E2D0D319A00D0924A /* GlobalConstants.swift */; };
		821ACF612D0D319A00D0924A /* PhotoEditorApp.swift in Sources */ = {isa = PBXBuildFile; fileRef = 821ACF402D0D319A00D0924A /* PhotoEditorApp.swift */; };
		823CF1462D0A0698005AD74A /* .gitignore in Resources */ = {isa = PBXBuildFile; fileRef = 823CF1452D0A0698005AD74A /* .gitignore */; };
/* End PBXBuildFile section */

/* Begin PBXFileReference section */
		821ACF0C2D0D319A00D0924A /* ViewExtension.swift */ = {isa = PBXFileReference; lastKnownFileType = sourcecode.swift; path = ViewExtension.swift; sourceTree = "<group>"; };
		821ACF0E2D0D319A00D0924A /* BarButtonModifier.swift */ = {isa = PBXFileReference; lastKnownFileType = sourcecode.swift; path = BarButtonModifier.swift; sourceTree = "<group>"; };
		821ACF0F2D0D319A00D0924A /* CapsuleButtonModifier.swift */ = {isa = PBXFileReference; lastKnownFileType = sourcecode.swift; path = CapsuleButtonModifier.swift; sourceTree = "<group>"; };
		821ACF102D0D319A00D0924A /* FieldModifier.swift */ = {isa = PBXFileReference; lastKnownFileType = sourcecode.swift; path = FieldModifier.swift; sourceTree = "<group>"; };
		821ACF112D0D319A00D0924A /* TextBoxModifier.swift */ = {isa = PBXFileReference; lastKnownFileType = sourcecode.swift; path = TextBoxModifier.swift; sourceTree = "<group>"; };
		821ACF122D0D319A00D0924A /* TextModifier.swift */ = {isa = PBXFileReference; lastKnownFileType = sourcecode.swift; path = TextModifier.swift; sourceTree = "<group>"; };
		821ACF152D0D319A00D0924A /* AuthView.swift */ = {isa = PBXFileReference; lastKnownFileType = sourcecode.swift; path = AuthView.swift; sourceTree = "<group>"; };
		821ACF162D0D319A00D0924A /* GoogleLogo.swift */ = {isa = PBXFileReference; lastKnownFileType = sourcecode.swift; path = GoogleLogo.swift; sourceTree = "<group>"; };
		821ACF182D0D319A00D0924A /* AuthViewModel.swift */ = {isa = PBXFileReference; lastKnownFileType = sourcecode.swift; path = AuthViewModel.swift; sourceTree = "<group>"; };
		821ACF1B2D0D319A00D0924A /* Mode.swift */ = {isa = PBXFileReference; lastKnownFileType = sourcecode.swift; path = Mode.swift; sourceTree = "<group>"; };
		821ACF1C2D0D319A00D0924A /* PickerType.swift */ = {isa = PBXFileReference; lastKnownFileType = sourcecode.swift; path = PickerType.swift; sourceTree = "<group>"; };
		821ACF1D2D0D319A00D0924A /* TextBox.swift */ = {isa = PBXFileReference; lastKnownFileType = sourcecode.swift; path = TextBox.swift; sourceTree = "<group>"; };
		821ACF1F2D0D319A00D0924A /* ActivityView.swift */ = {isa = PBXFileReference; lastKnownFileType = sourcecode.swift; path = ActivityView.swift; sourceTree = "<group>"; };
		821ACF202D0D319A00D0924A /* CanvasView.swift */ = {isa = PBXFileReference; lastKnownFileType = sourcecode.swift; path = CanvasView.swift; sourceTree = "<group>"; };
		821ACF212D0D319A00D0924A /* ImagePicker.swift */ = {isa = PBXFileReference; lastKnownFileType = sourcecode.swift; path = ImagePicker.swift; sourceTree = "<group>"; };
		821ACF232D0D319A00D0924A /* AddingTextView.swift */ = {isa = PBXFileReference; lastKnownFileType = sourcecode.swift; path = AddingTextView.swift; sourceTree = "<group>"; };
		821ACF242D0D319A00D0924A /* DrawingView.swift */ = {isa = PBXFileReference; lastKnownFileType = sourcecode.swift; path = DrawingView.swift; sourceTree = "<group>"; };
		821ACF252D0D319A00D0924A /* TextBoxesView.swift */ = {isa = PBXFileReference; lastKnownFileType = sourcecode.swift; path = TextBoxesView.swift; sourceTree = "<group>"; };
		821ACF262D0D319A00D0924A /* TextToolBar.swift */ = {isa = PBXFileReference; lastKnownFileType = sourcecode.swift; path = TextToolBar.swift; sourceTree = "<group>"; };
		821ACF282D0D319A00D0924A /* EditingView.swift */ = {isa = PBXFileReference; lastKnownFileType = sourcecode.swift; path = EditingView.swift; sourceTree = "<group>"; };
		821ACF292D0D319A00D0924A /* InitialView.swift */ = {isa = PBXFileReference; lastKnownFileType = sourcecode.swift; path = InitialView.swift; sourceTree = "<group>"; };
		821ACF2A2D0D319A00D0924A /* NormalView.swift */ = {isa = PBXFileReference; lastKnownFileType = sourcecode.swift; path = NormalView.swift; sourceTree = "<group>"; };
		821ACF2C2D0D319A00D0924A /* MainView.swift */ = {isa = PBXFileReference; lastKnownFileType = sourcecode.swift; path = MainView.swift; sourceTree = "<group>"; };
		821ACF2E2D0D319A00D0924A /* EditingViewModel.swift */ = {isa = PBXFileReference; lastKnownFileType = sourcecode.swift; path = EditingViewModel.swift; sourceTree = "<group>"; };
		821ACF312D0D319A00D0924A /* RecoveryView.swift */ = {isa = PBXFileReference; lastKnownFileType = sourcecode.swift; path = RecoveryView.swift; sourceTree = "<group>"; };
		821ACF342D0D319A00D0924A /* SignUpView.swift */ = {isa = PBXFileReference; lastKnownFileType = sourcecode.swift; path = SignUpView.swift; sourceTree = "<group>"; };
		821ACF392D0D319A00D0924A /* Preview Assets.xcassets */ = {isa = PBXFileReference; lastKnownFileType = folder.assetcatalog; path = "Preview Assets.xcassets"; sourceTree = "<group>"; };
		821ACF3B2D0D319A00D0924A /* TitleView.swift */ = {isa = PBXFileReference; lastKnownFileType = sourcecode.swift; path = TitleView.swift; sourceTree = "<group>"; };
		821ACF3D2D0D319A00D0924A /* Assets.xcassets */ = {isa = PBXFileReference; lastKnownFileType = folder.assetcatalog; path = Assets.xcassets; sourceTree = "<group>"; };
		821ACF3E2D0D319A00D0924A /* GlobalConstants.swift */ = {isa = PBXFileReference; lastKnownFileType = sourcecode.swift; path = GlobalConstants.swift; sourceTree = "<group>"; };
		821ACF3F2D0D319A00D0924A /* Info.plist */ = {isa = PBXFileReference; lastKnownFileType = text.plist.xml; path = Info.plist; sourceTree = "<group>"; };
		821ACF402D0D319A00D0924A /* PhotoEditorApp.swift */ = {isa = PBXFileReference; lastKnownFileType = sourcecode.swift; path = PhotoEditorApp.swift; sourceTree = "<group>"; };
		823CF1342D0A062A005AD74A /* PhotoEditor.app */ = {isa = PBXFileReference; explicitFileType = wrapper.application; includeInIndex = 0; path = PhotoEditor.app; sourceTree = BUILT_PRODUCTS_DIR; };
		823CF1452D0A0698005AD74A /* .gitignore */ = {isa = PBXFileReference; lastKnownFileType = text; path = .gitignore; sourceTree = "<group>"; };
/* End PBXFileReference section */

/* Begin PBXFrameworksBuildPhase section */
		823CF1312D0A062A005AD74A /* Frameworks */ = {
			isa = PBXFrameworksBuildPhase;
			buildActionMask = 2147483647;
			files = (
			);
			runOnlyForDeploymentPostprocessing = 0;
		};
/* End PBXFrameworksBuildPhase section */

/* Begin PBXGroup section */
		821ACF0D2D0D319A00D0924A /* Extensions */ = {
			isa = PBXGroup;
			children = (
				821ACF0C2D0D319A00D0924A /* ViewExtension.swift */,
			);
			path = Extensions;
			sourceTree = "<group>";
		};
		821ACF132D0D319A00D0924A /* Modifiers */ = {
			isa = PBXGroup;
			children = (
				821ACF0E2D0D319A00D0924A /* BarButtonModifier.swift */,
				821ACF0F2D0D319A00D0924A /* CapsuleButtonModifier.swift */,
				821ACF102D0D319A00D0924A /* FieldModifier.swift */,
				821ACF112D0D319A00D0924A /* TextBoxModifier.swift */,
				821ACF122D0D319A00D0924A /* TextModifier.swift */,
			);
			path = Modifiers;
			sourceTree = "<group>";
		};
		821ACF142D0D319A00D0924A /* Model */ = {
			isa = PBXGroup;
			children = (
			);
			path = Model;
			sourceTree = "<group>";
		};
		821ACF172D0D319A00D0924A /* View */ = {
			isa = PBXGroup;
			children = (
				821ACF152D0D319A00D0924A /* AuthView.swift */,
				821ACF162D0D319A00D0924A /* GoogleLogo.swift */,
			);
			path = View;
			sourceTree = "<group>";
		};
		821ACF192D0D319A00D0924A /* ViewModel */ = {
			isa = PBXGroup;
			children = (
				821ACF182D0D319A00D0924A /* AuthViewModel.swift */,
			);
			path = ViewModel;
			sourceTree = "<group>";
		};
		821ACF1A2D0D319A00D0924A /* AuthModule */ = {
			isa = PBXGroup;
			children = (
				821ACF172D0D319A00D0924A /* View */,
				821ACF192D0D319A00D0924A /* ViewModel */,
				821ACF142D0D319A00D0924A /* Model */,
			);
			path = AuthModule;
			sourceTree = "<group>";
		};
		821ACF1E2D0D319A00D0924A /* Model */ = {
			isa = PBXGroup;
			children = (
				821ACF1B2D0D319A00D0924A /* Mode.swift */,
				821ACF1C2D0D319A00D0924A /* PickerType.swift */,
				821ACF1D2D0D319A00D0924A /* TextBox.swift */,
			);
			path = Model;
			sourceTree = "<group>";
		};
		821ACF222D0D319A00D0924A /* Representables */ = {
			isa = PBXGroup;
			children = (
				821ACF1F2D0D319A00D0924A /* ActivityView.swift */,
				821ACF202D0D319A00D0924A /* CanvasView.swift */,
				821ACF212D0D319A00D0924A /* ImagePicker.swift */,
			);
			path = Representables;
			sourceTree = "<group>";
		};
		821ACF272D0D319A00D0924A /* DrawingView */ = {
			isa = PBXGroup;
			children = (
				821ACF232D0D319A00D0924A /* AddingTextView.swift */,
				821ACF242D0D319A00D0924A /* DrawingView.swift */,
				821ACF252D0D319A00D0924A /* TextBoxesView.swift */,
				821ACF262D0D319A00D0924A /* TextToolBar.swift */,
			);
			path = DrawingView;
			sourceTree = "<group>";
		};
		821ACF2B2D0D319A00D0924A /* Subviews */ = {
			isa = PBXGroup;
			children = (
				821ACF272D0D319A00D0924A /* DrawingView */,
				821ACF282D0D319A00D0924A /* EditingView.swift */,
				821ACF292D0D319A00D0924A /* InitialView.swift */,
				821ACF2A2D0D319A00D0924A /* NormalView.swift */,
			);
			path = Subviews;
			sourceTree = "<group>";
		};
		821ACF2D2D0D319A00D0924A /* View */ = {
			isa = PBXGroup;
			children = (
				821ACF222D0D319A00D0924A /* Representables */,
				821ACF2B2D0D319A00D0924A /* Subviews */,
				821ACF2C2D0D319A00D0924A /* MainView.swift */,
			);
			path = View;
			sourceTree = "<group>";
		};
		821ACF2F2D0D319A00D0924A /* ViewModel */ = {
			isa = PBXGroup;
			children = (
				821ACF2E2D0D319A00D0924A /* EditingViewModel.swift */,
			);
			path = ViewModel;
			sourceTree = "<group>";
		};
		821ACF302D0D319A00D0924A /* PhotoEditModule */ = {
			isa = PBXGroup;
			children = (
				821ACF2D2D0D319A00D0924A /* View */,
				821ACF2F2D0D319A00D0924A /* ViewModel */,
				821ACF1E2D0D319A00D0924A /* Model */,
			);
			path = PhotoEditModule;
			sourceTree = "<group>";
		};
		821ACF322D0D319A00D0924A /* RecoveryModule */ = {
			isa = PBXGroup;
			children = (
				821ACF312D0D319A00D0924A /* RecoveryView.swift */,
			);
			path = RecoveryModule;
			sourceTree = "<group>";
		};
		821ACF332D0D319A00D0924A /* Model */ = {
			isa = PBXGroup;
			children = (
			);
			path = Model;
			sourceTree = "<group>";
		};
		821ACF352D0D319A00D0924A /* View */ = {
			isa = PBXGroup;
			children = (
				821ACF342D0D319A00D0924A /* SignUpView.swift */,
			);
			path = View;
			sourceTree = "<group>";
		};
		821ACF362D0D319A00D0924A /* ViewModel */ = {
			isa = PBXGroup;
			children = (
			);
			path = ViewModel;
			sourceTree = "<group>";
		};
		821ACF372D0D319A00D0924A /* SignUpModule */ = {
			isa = PBXGroup;
			children = (
				821ACF352D0D319A00D0924A /* View */,
				821ACF362D0D319A00D0924A /* ViewModel */,
				821ACF332D0D319A00D0924A /* Model */,
			);
			path = SignUpModule;
			sourceTree = "<group>";
		};
		821ACF382D0D319A00D0924A /* Modules */ = {
			isa = PBXGroup;
			children = (
				821ACF1A2D0D319A00D0924A /* AuthModule */,
				821ACF302D0D319A00D0924A /* PhotoEditModule */,
				821ACF322D0D319A00D0924A /* RecoveryModule */,
				821ACF372D0D319A00D0924A /* SignUpModule */,
			);
			path = Modules;
			sourceTree = "<group>";
		};
		821ACF3A2D0D319A00D0924A /* Preview Content */ = {
			isa = PBXGroup;
			children = (
				821ACF392D0D319A00D0924A /* Preview Assets.xcassets */,
			);
			path = "Preview Content";
			sourceTree = "<group>";
		};
		821ACF3C2D0D319A00D0924A /* SupportingViews */ = {
			isa = PBXGroup;
			children = (
				821ACF3B2D0D319A00D0924A /* TitleView.swift */,
			);
			path = SupportingViews;
			sourceTree = "<group>";
		};
		821ACF412D0D319A00D0924A /* PhotoEditor */ = {
			isa = PBXGroup;
			children = (
				821ACF382D0D319A00D0924A /* Modules */,
				821ACF3F2D0D319A00D0924A /* Info.plist */,
				821ACF3C2D0D319A00D0924A /* SupportingViews */,
				821ACF0D2D0D319A00D0924A /* Extensions */,
				821ACF132D0D319A00D0924A /* Modifiers */,
				821ACF3E2D0D319A00D0924A /* GlobalConstants.swift */,
			);
			path = PhotoEditor;
			sourceTree = "<group>";
		};
		823CF12B2D0A062A005AD74A = {
			isa = PBXGroup;
			children = (
				823CF1452D0A0698005AD74A /* .gitignore */,
				821ACF3A2D0D319A00D0924A /* Preview Content */,
				821ACF402D0D319A00D0924A /* PhotoEditorApp.swift */,
				821ACF3D2D0D319A00D0924A /* Assets.xcassets */,
				821ACF412D0D319A00D0924A /* PhotoEditor */,
				823CF1352D0A062A005AD74A /* Products */,
			);
			sourceTree = "<group>";
		};
		823CF1352D0A062A005AD74A /* Products */ = {
			isa = PBXGroup;
			children = (
				823CF1342D0A062A005AD74A /* PhotoEditor.app */,
			);
			name = Products;
			sourceTree = "<group>";
		};
/* End PBXGroup section */

/* Begin PBXNativeTarget section */
		823CF1332D0A062A005AD74A /* PhotoEditor */ = {
			isa = PBXNativeTarget;
			buildConfigurationList = 823CF1422D0A062E005AD74A /* Build configuration list for PBXNativeTarget "PhotoEditor" */;
			buildPhases = (
				823CF1302D0A062A005AD74A /* Sources */,
				823CF1312D0A062A005AD74A /* Frameworks */,
				823CF1322D0A062A005AD74A /* Resources */,
			);
			buildRules = (
			);
			dependencies = (
			);
			name = PhotoEditor;
			packageProductDependencies = (
			);
			productName = PhotoEditor;
			productReference = 823CF1342D0A062A005AD74A /* PhotoEditor.app */;
			productType = "com.apple.product-type.application";
		};
/* End PBXNativeTarget section */

/* Begin PBXProject section */
		823CF12C2D0A062A005AD74A /* Project object */ = {
			isa = PBXProject;
			attributes = {
				BuildIndependentTargetsInParallel = 1;
				LastSwiftUpdateCheck = 1610;
				LastUpgradeCheck = 1610;
				TargetAttributes = {
					823CF1332D0A062A005AD74A = {
						CreatedOnToolsVersion = 16.1;
					};
				};
			};
			buildConfigurationList = 823CF12F2D0A062A005AD74A /* Build configuration list for PBXProject "PhotoEditor" */;
			developmentRegion = en;
			hasScannedForEncodings = 0;
			knownRegions = (
				en,
				Base,
			);
			mainGroup = 823CF12B2D0A062A005AD74A;
			minimizedProjectReferenceProxies = 1;
			preferredProjectObjectVersion = 77;
			productRefGroup = 823CF1352D0A062A005AD74A /* Products */;
			projectDirPath = "";
			projectRoot = "";
			targets = (
				823CF1332D0A062A005AD74A /* PhotoEditor */,
			);
		};
/* End PBXProject section */

/* Begin PBXResourcesBuildPhase section */
		823CF1322D0A062A005AD74A /* Resources */ = {
			isa = PBXResourcesBuildPhase;
			buildActionMask = 2147483647;
			files = (
				821ACF422D0D319A00D0924A /* Preview Assets.xcassets in Resources */,
				821ACF432D0D319A00D0924A /* Assets.xcassets in Resources */,
				821ACF442D0D319A00D0924A /* Info.plist in Resources */,
				823CF1462D0A0698005AD74A /* .gitignore in Resources */,
			);
			runOnlyForDeploymentPostprocessing = 0;
		};
/* End PBXResourcesBuildPhase section */

/* Begin PBXSourcesBuildPhase section */
		823CF1302D0A062A005AD74A /* Sources */ = {
			isa = PBXSourcesBuildPhase;
			buildActionMask = 2147483647;
			files = (
				821ACF452D0D319A00D0924A /* ViewExtension.swift in Sources */,
				821ACF462D0D319A00D0924A /* BarButtonModifier.swift in Sources */,
				821ACF472D0D319A00D0924A /* CapsuleButtonModifier.swift in Sources */,
				821ACF482D0D319A00D0924A /* FieldModifier.swift in Sources */,
				821ACF492D0D319A00D0924A /* TextBoxModifier.swift in Sources */,
				821ACF4A2D0D319A00D0924A /* TextModifier.swift in Sources */,
				821ACF4B2D0D319A00D0924A /* AuthView.swift in Sources */,
				821ACF4C2D0D319A00D0924A /* GoogleLogo.swift in Sources */,
				821ACF4D2D0D319A00D0924A /* AuthViewModel.swift in Sources */,
				821ACF4E2D0D319A00D0924A /* Mode.swift in Sources */,
				821ACF4F2D0D319A00D0924A /* PickerType.swift in Sources */,
				821ACF502D0D319A00D0924A /* TextBox.swift in Sources */,
				821ACF512D0D319A00D0924A /* ActivityView.swift in Sources */,
				821ACF522D0D319A00D0924A /* CanvasView.swift in Sources */,
				821ACF532D0D319A00D0924A /* ImagePicker.swift in Sources */,
				821ACF542D0D319A00D0924A /* AddingTextView.swift in Sources */,
				821ACF552D0D319A00D0924A /* DrawingView.swift in Sources */,
				821ACF562D0D319A00D0924A /* TextBoxesView.swift in Sources */,
				821ACF572D0D319A00D0924A /* TextToolBar.swift in Sources */,
				821ACF582D0D319A00D0924A /* EditingView.swift in Sources */,
				821ACF592D0D319A00D0924A /* InitialView.swift in Sources */,
				821ACF5A2D0D319A00D0924A /* NormalView.swift in Sources */,
				821ACF5B2D0D319A00D0924A /* MainView.swift in Sources */,
				821ACF5C2D0D319A00D0924A /* EditingViewModel.swift in Sources */,
				821ACF5D2D0D319A00D0924A /* RecoveryView.swift in Sources */,
				821ACF5E2D0D319A00D0924A /* SignUpView.swift in Sources */,
				821ACF5F2D0D319A00D0924A /* TitleView.swift in Sources */,
				821ACF602D0D319A00D0924A /* GlobalConstants.swift in Sources */,
				821ACF612D0D319A00D0924A /* PhotoEditorApp.swift in Sources */,
			);
			runOnlyForDeploymentPostprocessing = 0;
		};
/* End PBXSourcesBuildPhase section */

/* Begin XCBuildConfiguration section */
		823CF1402D0A062E005AD74A /* Debug */ = {
			isa = XCBuildConfiguration;
			buildSettings = {
				ALWAYS_SEARCH_USER_PATHS = NO;
				ASSETCATALOG_COMPILER_GENERATE_SWIFT_ASSET_SYMBOL_EXTENSIONS = YES;
				CLANG_ANALYZER_NONNULL = YES;
				CLANG_ANALYZER_NUMBER_OBJECT_CONVERSION = YES_AGGRESSIVE;
				CLANG_CXX_LANGUAGE_STANDARD = "gnu++20";
				CLANG_ENABLE_MODULES = YES;
				CLANG_ENABLE_OBJC_ARC = YES;
				CLANG_ENABLE_OBJC_WEAK = YES;
				CLANG_WARN_BLOCK_CAPTURE_AUTORELEASING = YES;
				CLANG_WARN_BOOL_CONVERSION = YES;
				CLANG_WARN_COMMA = YES;
				CLANG_WARN_CONSTANT_CONVERSION = YES;
				CLANG_WARN_DEPRECATED_OBJC_IMPLEMENTATIONS = YES;
				CLANG_WARN_DIRECT_OBJC_ISA_USAGE = YES_ERROR;
				CLANG_WARN_DOCUMENTATION_COMMENTS = YES;
				CLANG_WARN_EMPTY_BODY = YES;
				CLANG_WARN_ENUM_CONVERSION = YES;
				CLANG_WARN_INFINITE_RECURSION = YES;
				CLANG_WARN_INT_CONVERSION = YES;
				CLANG_WARN_NON_LITERAL_NULL_CONVERSION = YES;
				CLANG_WARN_OBJC_IMPLICIT_RETAIN_SELF = YES;
				CLANG_WARN_OBJC_LITERAL_CONVERSION = YES;
				CLANG_WARN_OBJC_ROOT_CLASS = YES_ERROR;
				CLANG_WARN_QUOTED_INCLUDE_IN_FRAMEWORK_HEADER = YES;
				CLANG_WARN_RANGE_LOOP_ANALYSIS = YES;
				CLANG_WARN_STRICT_PROTOTYPES = YES;
				CLANG_WARN_SUSPICIOUS_MOVE = YES;
				CLANG_WARN_UNGUARDED_AVAILABILITY = YES_AGGRESSIVE;
				CLANG_WARN_UNREACHABLE_CODE = YES;
				CLANG_WARN__DUPLICATE_METHOD_MATCH = YES;
				COPY_PHASE_STRIP = NO;
				DEBUG_INFORMATION_FORMAT = dwarf;
				ENABLE_STRICT_OBJC_MSGSEND = YES;
				ENABLE_TESTABILITY = YES;
				ENABLE_USER_SCRIPT_SANDBOXING = YES;
				GCC_C_LANGUAGE_STANDARD = gnu17;
				GCC_DYNAMIC_NO_PIC = NO;
				GCC_NO_COMMON_BLOCKS = YES;
				GCC_OPTIMIZATION_LEVEL = 0;
				GCC_PREPROCESSOR_DEFINITIONS = (
					"DEBUG=1",
					"$(inherited)",
				);
				GCC_WARN_64_TO_32_BIT_CONVERSION = YES;
				GCC_WARN_ABOUT_RETURN_TYPE = YES_ERROR;
				GCC_WARN_UNDECLARED_SELECTOR = YES;
				GCC_WARN_UNINITIALIZED_AUTOS = YES_AGGRESSIVE;
				GCC_WARN_UNUSED_FUNCTION = YES;
				GCC_WARN_UNUSED_VARIABLE = YES;
				IPHONEOS_DEPLOYMENT_TARGET = 18.1;
				LOCALIZATION_PREFERS_STRING_CATALOGS = YES;
				MTL_ENABLE_DEBUG_INFO = INCLUDE_SOURCE;
				MTL_FAST_MATH = YES;
				ONLY_ACTIVE_ARCH = YES;
				SDKROOT = iphoneos;
				SWIFT_ACTIVE_COMPILATION_CONDITIONS = "DEBUG $(inherited)";
				SWIFT_OPTIMIZATION_LEVEL = "-Onone";
			};
			name = Debug;
		};
		823CF1412D0A062E005AD74A /* Release */ = {
			isa = XCBuildConfiguration;
			buildSettings = {
				ALWAYS_SEARCH_USER_PATHS = NO;
				ASSETCATALOG_COMPILER_GENERATE_SWIFT_ASSET_SYMBOL_EXTENSIONS = YES;
				CLANG_ANALYZER_NONNULL = YES;
				CLANG_ANALYZER_NUMBER_OBJECT_CONVERSION = YES_AGGRESSIVE;
				CLANG_CXX_LANGUAGE_STANDARD = "gnu++20";
				CLANG_ENABLE_MODULES = YES;
				CLANG_ENABLE_OBJC_ARC = YES;
				CLANG_ENABLE_OBJC_WEAK = YES;
				CLANG_WARN_BLOCK_CAPTURE_AUTORELEASING = YES;
				CLANG_WARN_BOOL_CONVERSION = YES;
				CLANG_WARN_COMMA = YES;
				CLANG_WARN_CONSTANT_CONVERSION = YES;
				CLANG_WARN_DEPRECATED_OBJC_IMPLEMENTATIONS = YES;
				CLANG_WARN_DIRECT_OBJC_ISA_USAGE = YES_ERROR;
				CLANG_WARN_DOCUMENTATION_COMMENTS = YES;
				CLANG_WARN_EMPTY_BODY = YES;
				CLANG_WARN_ENUM_CONVERSION = YES;
				CLANG_WARN_INFINITE_RECURSION = YES;
				CLANG_WARN_INT_CONVERSION = YES;
				CLANG_WARN_NON_LITERAL_NULL_CONVERSION = YES;
				CLANG_WARN_OBJC_IMPLICIT_RETAIN_SELF = YES;
				CLANG_WARN_OBJC_LITERAL_CONVERSION = YES;
				CLANG_WARN_OBJC_ROOT_CLASS = YES_ERROR;
				CLANG_WARN_QUOTED_INCLUDE_IN_FRAMEWORK_HEADER = YES;
				CLANG_WARN_RANGE_LOOP_ANALYSIS = YES;
				CLANG_WARN_STRICT_PROTOTYPES = YES;
				CLANG_WARN_SUSPICIOUS_MOVE = YES;
				CLANG_WARN_UNGUARDED_AVAILABILITY = YES_AGGRESSIVE;
				CLANG_WARN_UNREACHABLE_CODE = YES;
				CLANG_WARN__DUPLICATE_METHOD_MATCH = YES;
				COPY_PHASE_STRIP = NO;
				DEBUG_INFORMATION_FORMAT = "dwarf-with-dsym";
				ENABLE_NS_ASSERTIONS = NO;
				ENABLE_STRICT_OBJC_MSGSEND = YES;
				ENABLE_USER_SCRIPT_SANDBOXING = YES;
				GCC_C_LANGUAGE_STANDARD = gnu17;
				GCC_NO_COMMON_BLOCKS = YES;
				GCC_WARN_64_TO_32_BIT_CONVERSION = YES;
				GCC_WARN_ABOUT_RETURN_TYPE = YES_ERROR;
				GCC_WARN_UNDECLARED_SELECTOR = YES;
				GCC_WARN_UNINITIALIZED_AUTOS = YES_AGGRESSIVE;
				GCC_WARN_UNUSED_FUNCTION = YES;
				GCC_WARN_UNUSED_VARIABLE = YES;
				IPHONEOS_DEPLOYMENT_TARGET = 18.1;
				LOCALIZATION_PREFERS_STRING_CATALOGS = YES;
				MTL_ENABLE_DEBUG_INFO = NO;
				MTL_FAST_MATH = YES;
				SDKROOT = iphoneos;
				SWIFT_COMPILATION_MODE = wholemodule;
				VALIDATE_PRODUCT = YES;
			};
			name = Release;
		};
		823CF1432D0A062E005AD74A /* Debug */ = {
			isa = XCBuildConfiguration;
			buildSettings = {
				ASSETCATALOG_COMPILER_APPICON_NAME = AppIcon;
				ASSETCATALOG_COMPILER_GLOBAL_ACCENT_COLOR_NAME = AccentColor;
				CODE_SIGN_STYLE = Automatic;
				CURRENT_PROJECT_VERSION = 1;
				DEVELOPMENT_ASSET_PATHS = "\"PhotoEditor/Preview Content\"";
				DEVELOPMENT_TEAM = BMJF63URC7;
				ENABLE_PREVIEWS = YES;
				GENERATE_INFOPLIST_FILE = YES;
				INFOPLIST_KEY_UIApplicationSceneManifest_Generation = YES;
				INFOPLIST_KEY_UIApplicationSupportsIndirectInputEvents = YES;
				INFOPLIST_KEY_UILaunchScreen_Generation = YES;
				INFOPLIST_KEY_UISupportedInterfaceOrientations_iPad = "UIInterfaceOrientationPortrait UIInterfaceOrientationPortraitUpsideDown UIInterfaceOrientationLandscapeLeft UIInterfaceOrientationLandscapeRight";
				INFOPLIST_KEY_UISupportedInterfaceOrientations_iPhone = "UIInterfaceOrientationPortrait UIInterfaceOrientationLandscapeLeft UIInterfaceOrientationLandscapeRight";
				LD_RUNPATH_SEARCH_PATHS = (
					"$(inherited)",
					"@executable_path/Frameworks",
				);
				MARKETING_VERSION = 1.0;
				PRODUCT_BUNDLE_IDENTIFIER = studying.PhotoEditor;
				PRODUCT_NAME = "$(TARGET_NAME)";
				SWIFT_EMIT_LOC_STRINGS = YES;
				SWIFT_VERSION = 5.0;
				TARGETED_DEVICE_FAMILY = "1,2";
			};
			name = Debug;
		};
		823CF1442D0A062E005AD74A /* Release */ = {
			isa = XCBuildConfiguration;
			buildSettings = {
				ASSETCATALOG_COMPILER_APPICON_NAME = AppIcon;
				ASSETCATALOG_COMPILER_GLOBAL_ACCENT_COLOR_NAME = AccentColor;
				CODE_SIGN_STYLE = Automatic;
				CURRENT_PROJECT_VERSION = 1;
				DEVELOPMENT_ASSET_PATHS = "\"PhotoEditor/Preview Content\"";
				DEVELOPMENT_TEAM = BMJF63URC7;
				ENABLE_PREVIEWS = YES;
				GENERATE_INFOPLIST_FILE = YES;
				INFOPLIST_KEY_UIApplicationSceneManifest_Generation = YES;
				INFOPLIST_KEY_UIApplicationSupportsIndirectInputEvents = YES;
				INFOPLIST_KEY_UILaunchScreen_Generation = YES;
				INFOPLIST_KEY_UISupportedInterfaceOrientations_iPad = "UIInterfaceOrientationPortrait UIInterfaceOrientationPortraitUpsideDown UIInterfaceOrientationLandscapeLeft UIInterfaceOrientationLandscapeRight";
				INFOPLIST_KEY_UISupportedInterfaceOrientations_iPhone = "UIInterfaceOrientationPortrait UIInterfaceOrientationLandscapeLeft UIInterfaceOrientationLandscapeRight";
				LD_RUNPATH_SEARCH_PATHS = (
					"$(inherited)",
					"@executable_path/Frameworks",
				);
				MARKETING_VERSION = 1.0;
				PRODUCT_BUNDLE_IDENTIFIER = studying.PhotoEditor;
				PRODUCT_NAME = "$(TARGET_NAME)";
				SWIFT_EMIT_LOC_STRINGS = YES;
				SWIFT_VERSION = 5.0;
				TARGETED_DEVICE_FAMILY = "1,2";
			};
			name = Release;
		};
/* End XCBuildConfiguration section */

/* Begin XCConfigurationList section */
		823CF12F2D0A062A005AD74A /* Build configuration list for PBXProject "PhotoEditor" */ = {
			isa = XCConfigurationList;
			buildConfigurations = (
				823CF1402D0A062E005AD74A /* Debug */,
				823CF1412D0A062E005AD74A /* Release */,
			);
			defaultConfigurationIsVisible = 0;
			defaultConfigurationName = Release;
		};
		823CF1422D0A062E005AD74A /* Build configuration list for PBXNativeTarget "PhotoEditor" */ = {
			isa = XCConfigurationList;
			buildConfigurations = (
				823CF1432D0A062E005AD74A /* Debug */,
				823CF1442D0A062E005AD74A /* Release */,
			);
			defaultConfigurationIsVisible = 0;
			defaultConfigurationName = Release;
		};
/* End XCConfigurationList section */
	};
	rootObject = 823CF12C2D0A062A005AD74A /* Project object */;
}
